
Microsoft Visual Studio Solution File, Format Version 12.00
# Visual Studio 14
VisualStudioVersion = 14.0.25420.1
MinimumVisualStudioVersion = 10.0.40219.1
Project("{8BC9CEB8-8B4A-11D0-8D11-00A0C91BC942}") = "xmp-vgmstream", "xmp-vgmstream.vcxproj", "{49AF76F7-CBA0-4486-9DDF-51F30DF45F33}"
EndProject
Project("{8BC9CEB8-8B4A-11D0-8D11-00A0C91BC942}") = "ext_libs", "..\ext_libs\ext_libs.vcxproj", "{10E6BFC6-1E5B-46E4-BA42-F04DFBD0ABFF}"
EndProject
Project("{8BC9CEB8-8B4A-11D0-8D11-00A0C91BC942}") = "libvgmstream", "..\src\libvgmstream.vcxproj", "{54A6AD11-5369-4895-A06F-E255ABB99B11}"
EndProject
Project("{8BC9CEB8-8B4A-11D0-8D11-00A0C91BC942}") = "mp4v2", "..\..\qaac\vcproject\mp4v2\mp4v2.vcxproj", "{86A064E2-C81B-4EEE-8BE0-A39A2E7C7C76}"
EndProject
Project("{8BC9CEB8-8B4A-11D0-8D11-00A0C91BC942}") = "fdk-aac", "..\..\fdk-aac\msvc\fdk-aac.vcxproj", "{308E2AD5-BE31-4770-9441-A8D50F56895C}"
EndProject
Global
	GlobalSection(SolutionConfigurationPlatforms) = preSolution
		Debug|x64 = Debug|x64
		Debug|x86 = Debug|x86
		Release|x64 = Release|x64
		Release|x86 = Release|x86
	EndGlobalSection
	GlobalSection(ProjectConfigurationPlatforms) = postSolution
		{49AF76F7-CBA0-4486-9DDF-51F30DF45F33}.Debug|x64.ActiveCfg = Debug|Win32
		{49AF76F7-CBA0-4486-9DDF-51F30DF45F33}.Debug|x64.Build.0 = Debug|Win32
		{49AF76F7-CBA0-4486-9DDF-51F30DF45F33}.Debug|x86.ActiveCfg = Debug|Win32
		{49AF76F7-CBA0-4486-9DDF-51F30DF45F33}.Debug|x86.Build.0 = Debug|Win32
		{49AF76F7-CBA0-4486-9DDF-51F30DF45F33}.Release|x64.ActiveCfg = Release|Win32
		{49AF76F7-CBA0-4486-9DDF-51F30DF45F33}.Release|x64.Build.0 = Release|Win32
		{49AF76F7-CBA0-4486-9DDF-51F30DF45F33}.Release|x86.ActiveCfg = Release|Win32
		{49AF76F7-CBA0-4486-9DDF-51F30DF45F33}.Release|x86.Build.0 = Release|Win32
		{10E6BFC6-1E5B-46E4-BA42-F04DFBD0ABFF}.Debug|x64.ActiveCfg = Debug|Win32
		{10E6BFC6-1E5B-46E4-BA42-F04DFBD0ABFF}.Debug|x64.Build.0 = Debug|Win32
		{10E6BFC6-1E5B-46E4-BA42-F04DFBD0ABFF}.Debug|x86.ActiveCfg = Debug|Win32
		{10E6BFC6-1E5B-46E4-BA42-F04DFBD0ABFF}.Debug|x86.Build.0 = Debug|Win32
		{10E6BFC6-1E5B-46E4-BA42-F04DFBD0ABFF}.Release|x64.ActiveCfg = Release|Win32
		{10E6BFC6-1E5B-46E4-BA42-F04DFBD0ABFF}.Release|x64.Build.0 = Release|Win32
		{10E6BFC6-1E5B-46E4-BA42-F04DFBD0ABFF}.Release|x86.ActiveCfg = Release|Win32
		{10E6BFC6-1E5B-46E4-BA42-F04DFBD0ABFF}.Release|x86.Build.0 = Release|Win32
		{54A6AD11-5369-4895-A06F-E255ABB99B11}.Debug|x64.ActiveCfg = Debug|Win32
		{54A6AD11-5369-4895-A06F-E255ABB99B11}.Debug|x64.Build.0 = Debug|Win32
		{54A6AD11-5369-4895-A06F-E255ABB99B11}.Debug|x86.ActiveCfg = Debug|Win32
		{54A6AD11-5369-4895-A06F-E255ABB99B11}.Debug|x86.Build.0 = Debug|Win32
		{54A6AD11-5369-4895-A06F-E255ABB99B11}.Release|x64.ActiveCfg = Release|Win32
		{54A6AD11-5369-4895-A06F-E255ABB99B11}.Release|x64.Build.0 = Release|Win32
		{54A6AD11-5369-4895-A06F-E255ABB99B11}.Release|x86.ActiveCfg = Release|Win32
		{54A6AD11-5369-4895-A06F-E255ABB99B11}.Release|x86.Build.0 = Release|Win32
		{86A064E2-C81B-4EEE-8BE0-A39A2E7C7C76}.Debug|x64.ActiveCfg = Debug|Win32
		{86A064E2-C81B-4EEE-8BE0-A39A2E7C7C76}.Debug|x64.Build.0 = Debug|Win32
		{86A064E2-C81B-4EEE-8BE0-A39A2E7C7C76}.Debug|x86.ActiveCfg = Debug|Win32
		{86A064E2-C81B-4EEE-8BE0-A39A2E7C7C76}.Debug|x86.Build.0 = Debug|Win32
		{86A064E2-C81B-4EEE-8BE0-A39A2E7C7C76}.Release|x64.ActiveCfg = Release|Win32
		{86A064E2-C81B-4EEE-8BE0-A39A2E7C7C76}.Release|x64.Build.0 = Release|Win32
		{86A064E2-C81B-4EEE-8BE0-A39A2E7C7C76}.Release|x86.ActiveCfg = Release|Win32
		{86A064E2-C81B-4EEE-8BE0-A39A2E7C7C76}.Release|x86.Build.0 = Release|Win32
		{308E2AD5-BE31-4770-9441-A8D50F56895C}.Debug|x64.ActiveCfg = Debug|Win32
		{308E2AD5-BE31-4770-9441-A8D50F56895C}.Debug|x64.Build.0 = Debug|Win32
		{308E2AD5-BE31-4770-9441-A8D50F56895C}.Debug|x86.ActiveCfg = Debug|Win32
		{308E2AD5-BE31-4770-9441-A8D50F56895C}.Debug|x86.Build.0 = Debug|Win32
		{308E2AD5-BE31-4770-9441-A8D50F56895C}.Release|x64.ActiveCfg = Release|Win32
		{308E2AD5-BE31-4770-9441-A8D50F56895C}.Release|x64.Build.0 = Release|Win32
		{308E2AD5-BE31-4770-9441-A8D50F56895C}.Release|x86.ActiveCfg = Release|Win32
		{308E2AD5-BE31-4770-9441-A8D50F56895C}.Release|x86.Build.0 = Release|Win32
	EndGlobalSection
	GlobalSection(SolutionProperties) = preSolution
		HideSolutionNode = FALSE
	EndGlobalSection
EndGlobal
