<?xml version="1.0" encoding="utf-8"?>
<Project ToolsVersion="4.0" xmlns="http://schemas.microsoft.com/developer/msbuild/2003">
  <ItemGroup>
    <ClCompile Include="xmp_vgmstream.c" />
  </ItemGroup>
  <ItemGroup>
    <ClInclude Include="xmpfunc.h" />
    <ClInclude Include="xmpin.h" />
  </ItemGroup>
  <ItemGroup>
    <None Include="xmpin.def" />
  </ItemGroup>
  <ItemGroup>
    <Filter Include="External libraries">
      <UniqueIdentifier>{6505ad02-c535-487f-bcb4-745b0a6cb8e7}</UniqueIdentifier>
    </Filter>
  </ItemGroup>
</Project>