<?xml version="1.0" encoding="utf-8"?>
<Project ToolsVersion="4.0" xmlns="http://schemas.microsoft.com/developer/msbuild/2003">
  <ItemGroup>
    <Filter Include="Header Files">
      <UniqueIdentifier>{93995380-89BD-4b04-88EB-625FBE52EBFB}</UniqueIdentifier>
      <Extensions>h;hpp;hxx;hm;inl;inc;xsd</Extensions>
    </Filter>
    <Filter Include="Source Files">
      <UniqueIdentifier>{4FC737F1-C7A5-4376-A066-2A32D752A2FF}</UniqueIdentifier>
      <Extensions>cpp;c;cc;cxx;def;odl;idl;hpj;bat;asm;asmx</Extensions>
    </Filter>
    <Filter Include="base">
      <UniqueIdentifier>{4437dc5f-0bf7-4a15-a70a-32258cafbe36}</UniqueIdentifier>
    </Filter>
    <Filter Include="base\Header Files">
      <UniqueIdentifier>{860f6a15-f877-4e8a-a0d6-fc4a0ccc985b}</UniqueIdentifier>
    </Filter>
    <Filter Include="base\Source Files">
      <UniqueIdentifier>{00c1e41e-bcac-4dec-896c-3a09c5125e54}</UniqueIdentifier>
    </Filter>
    <Filter Include="meta">
      <UniqueIdentifier>{07c49d19-cbf2-4e9f-b45d-d8a087f7926b}</UniqueIdentifier>
    </Filter>
    <Filter Include="meta\Header Files">
      <UniqueIdentifier>{4d311953-abb4-4e92-adcb-bcad28c13312}</UniqueIdentifier>
    </Filter>
    <Filter Include="meta\Source Files">
      <UniqueIdentifier>{f3158382-6a38-463f-aaba-1a1618a18868}</UniqueIdentifier>
    </Filter>
    <Filter Include="coding">
      <UniqueIdentifier>{4367a8fa-d09f-489d-86b3-ab8fa707e5b2}</UniqueIdentifier>
    </Filter>
    <Filter Include="coding\Header Files">
      <UniqueIdentifier>{8c0f574c-7490-47c3-aa37-ba7d30ad8e72}</UniqueIdentifier>
    </Filter>
    <Filter Include="coding\Source Files">
      <UniqueIdentifier>{e273dc50-87c5-4d9b-8c71-773a369f00c5}</UniqueIdentifier>
    </Filter>
    <Filter Include="layout">
      <UniqueIdentifier>{54878363-4abe-444e-aa77-4757e09edb4d}</UniqueIdentifier>
    </Filter>
    <Filter Include="layout\Header Files">
      <UniqueIdentifier>{f05d3f7e-37a3-4373-b1bf-b952af37854c}</UniqueIdentifier>
    </Filter>
    <Filter Include="layout\Source Files">
      <UniqueIdentifier>{e729b7b3-e13c-4cf9-9ded-428c209b6f62}</UniqueIdentifier>
    </Filter>
    <Filter Include="util">
      <UniqueIdentifier>{717f16e9-63ac-4043-87ea-3b84c862e73b}</UniqueIdentifier>
    </Filter>
    <Filter Include="util\Header Files">
      <UniqueIdentifier>{47034ba8-7631-44db-aa83-c536b5f91212}</UniqueIdentifier>
    </Filter>
    <Filter Include="util\Source Files">
      <UniqueIdentifier>{eea07e9d-f942-4a76-914a-4f1d8e367130}</UniqueIdentifier>
    </Filter>
    <Filter Include="ext_libs">
      <UniqueIdentifier>{48DB0DEF-3694-40E0-9FF6-8A736E6C3A62}</UniqueIdentifier>
    </Filter>
    <Filter Include="ext_libs\Source Files">
      <UniqueIdentifier>{78A32BD9-0DB4-4164-A7E6-41506B78392E}</UniqueIdentifier>
    </Filter>
    <Filter Include="ext_libs\Header Files">
      <UniqueIdentifier>{20824073-8817-41CF-8A21-D54294A56050}</UniqueIdentifier>
    </Filter>
    <Filter Include="coding\libs">
      <UniqueIdentifier>{bda8b035-f70b-4601-b479-4403b1071fe4}</UniqueIdentifier>
    </Filter>
    <Filter Include="coding\libs\Header Files">
      <UniqueIdentifier>{eec1739b-a5e2-4202-98ff-e9fa2bd6ed00}</UniqueIdentifier>
    </Filter>
    <Filter Include="coding\libs\Source Files">
      <UniqueIdentifier>{5d980902-91bd-4e75-aa07-7da27edf5a99}</UniqueIdentifier>
    </Filter>
  </ItemGroup>
  <ItemGroup>
    <ClInclude Include="libvgmstream.h">
      <Filter>Header Files</Filter>
    </ClInclude>
    <ClInclude Include="libvgmstream_streamfile.h">
      <Filter>Header Files</Filter>
    </ClInclude>
    <ClInclude Include="streamfile.h">
      <Filter>Header Files</Filter>
    </ClInclude>
    <ClInclude Include="streamtypes.h">
      <Filter>Header Files</Filter>
    </ClInclude>
    <ClInclude Include="util.h">
      <Filter>Header Files</Filter>
    </ClInclude>
    <ClInclude Include="vgmstream.h">
      <Filter>Header Files</Filter>
    </ClInclude>
    <ClInclude Include="vgmstream_init.h">
      <Filter>Header Files</Filter>
    </ClInclude>
    <ClInclude Include="vgmstream_types.h">
      <Filter>Header Files</Filter>
    </ClInclude>
    <ClInclude Include="base\api_internal.h">
      <Filter>base\Header Files</Filter>
    </ClInclude>
    <ClInclude Include="base\codec_info.h">
      <Filter>base\Header Files</Filter>
    </ClInclude>
    <ClInclude Include="base\decode.h">
      <Filter>base\Header Files</Filter>
    </ClInclude>
    <ClInclude Include="base\decode_state.h">
      <Filter>base\Header Files</Filter>
    </ClInclude>
    <ClInclude Include="base\info.h">
      <Filter>base\Header Files</Filter>
    </ClInclude>
    <ClInclude Include="base\mixer.h">
      <Filter>base\Header Files</Filter>
    </ClInclude>
    <ClInclude Include="base\mixer_priv.h">
      <Filter>base\Header Files</Filter>
    </ClInclude>
    <ClInclude Include="base\mixing.h">
      <Filter>base\Header Files</Filter>
    </ClInclude>
    <ClInclude Include="base\plugins.h">
      <Filter>base\Header Files</Filter>
    </ClInclude>
    <ClInclude Include="base\render.h">
      <Filter>base\Header Files</Filter>
    </ClInclude>
    <ClInclude Include="base\sbuf.h">
      <Filter>base\Header Files</Filter>
    </ClInclude>
    <ClInclude Include="base\seek_table.h">
      <Filter>base\Header Files</Filter>
    </ClInclude>
    <ClInclude Include="coding\coding.h">
      <Filter>coding\Header Files</Filter>
    </ClInclude>
    <ClInclude Include="coding\g72x_state.h">
      <Filter>coding\Header Files</Filter>
    </ClInclude>
    <ClInclude Include="coding\mpeg_decoder.h">
      <Filter>coding\Header Files</Filter>
    </ClInclude>
    <ClInclude Include="coding\vorbis_custom_decoder.h">
      <Filter>coding\Header Files</Filter>
    </ClInclude>
    <ClInclude Include="coding\libs\binka_data.h">
      <Filter>coding\libs\Header Files</Filter>
    </ClInclude>
    <ClInclude Include="coding\libs\binka_dec.h">
      <Filter>coding\libs\Header Files</Filter>
    </ClInclude>
    <ClInclude Include="coding\libs\binka_transform.h">
      <Filter>coding\libs\Header Files</Filter>
    </ClInclude>
    <ClInclude Include="coding\libs\circus_vq_data.h">
      <Filter>coding\libs\Header Files</Filter>
    </ClInclude>
    <ClInclude Include="coding\libs\circus_vq_lib.h">
      <Filter>coding\libs\Header Files</Filter>
    </ClInclude>
    <ClInclude Include="coding\libs\circus_vq_lzxpcm.h">
      <Filter>coding\libs\Header Files</Filter>
    </ClInclude>
    <ClInclude Include="coding\libs\clhca.h">
      <Filter>coding\libs\Header Files</Filter>
    </ClInclude>
    <ClInclude Include="coding\libs\compresswave_lib.h">
      <Filter>coding\libs\Header Files</Filter>
    </ClInclude>
    <ClInclude Include="coding\libs\g7221_aes.h">
      <Filter>coding\libs\Header Files</Filter>
    </ClInclude>
    <ClInclude Include="coding\libs\g7221_data.h">
      <Filter>coding\libs\Header Files</Filter>
    </ClInclude>
    <ClInclude Include="coding\libs\g7221_lib.h">
      <Filter>coding\libs\Header Files</Filter>
    </ClInclude>
    <ClInclude Include="coding\libs\icelib.h">
      <Filter>coding\libs\Header Files</Filter>
    </ClInclude>
    <ClInclude Include="coding\libs\ka1a_dec.h">
      <Filter>coding\libs\Header Files</Filter>
    </ClInclude>
    <ClInclude Include="coding\libs\ka1a_dec_data.h">
      <Filter>coding\libs\Header Files</Filter>
    </ClInclude>
    <ClInclude Include="coding\libs\libacm.h">
      <Filter>coding\libs\Header Files</Filter>
    </ClInclude>
    <ClInclude Include="coding\libs\minimp3.h">
      <Filter>coding\libs\Header Files</Filter>
    </ClInclude>
    <ClInclude Include="coding\libs\mio_erisacontext.h">
      <Filter>coding\libs\Header Files</Filter>
    </ClInclude>
    <ClInclude Include="coding\libs\mio_erisafile.h">
      <Filter>coding\libs\Header Files</Filter>
    </ClInclude>
    <ClInclude Include="coding\libs\mio_erisamatrix.h">
      <Filter>coding\libs\Header Files</Filter>
    </ClInclude>
    <ClInclude Include="coding\libs\mio_erisasound.h">
      <Filter>coding\libs\Header Files</Filter>
    </ClInclude>
    <ClInclude Include="coding\libs\mio_xerisa.h">
      <Filter>coding\libs\Header Files</Filter>
    </ClInclude>
    <ClInclude Include="coding\libs\nwa_lib.h">
      <Filter>coding\libs\Header Files</Filter>
    </ClInclude>
    <ClInclude Include="coding\libs\ongakukan_adp_lib.h">
      <Filter>coding\libs\Header Files</Filter>
    </ClInclude>
    <ClInclude Include="coding\libs\oor_helpers.h">
      <Filter>coding\libs\Header Files</Filter>
    </ClInclude>
    <ClInclude Include="coding\libs\relic_lib.h">
      <Filter>coding\libs\Header Files</Filter>
    </ClInclude>
    <ClInclude Include="coding\libs\tac_data.h">
      <Filter>coding\libs\Header Files</Filter>
    </ClInclude>
    <ClInclude Include="coding\libs\tac_lib.h">
      <Filter>coding\libs\Header Files</Filter>
    </ClInclude>
    <ClInclude Include="coding\libs\tac_ops.h">
      <Filter>coding\libs\Header Files</Filter>
    </ClInclude>
    <ClInclude Include="coding\libs\ubi_mpeg_helpers.h">
      <Filter>coding\libs\Header Files</Filter>
    </ClInclude>
    <ClInclude Include="coding\libs\utkdec.h">
      <Filter>coding\libs\Header Files</Filter>
    </ClInclude>
    <ClInclude Include="coding\libs\vorbis_codebooks_fsb.h">
      <Filter>coding\libs\Header Files</Filter>
    </ClInclude>
    <ClInclude Include="coding\libs\vorbis_codebooks_oor.h">
      <Filter>coding\libs\Header Files</Filter>
    </ClInclude>
    <ClInclude Include="coding\libs\vorbis_codebooks_wwise.h">
      <Filter>coding\libs\Header Files</Filter>
    </ClInclude>
    <ClInclude Include="layout\layout.h">
      <Filter>layout\Header Files</Filter>
    </ClInclude>
    <ClInclude Include="meta\9tav_streamfile.h">
      <Filter>meta\Header Files</Filter>
    </ClInclude>
    <ClInclude Include="meta\adx_keys.h">
      <Filter>meta\Header Files</Filter>
    </ClInclude>
    <ClInclude Include="meta\ahx_keys.h">
      <Filter>meta\Header Files</Filter>
    </ClInclude>
    <ClInclude Include="meta\aix_streamfile.h">
      <Filter>meta\Header Files</Filter>
    </ClInclude>
    <ClInclude Include="meta\apa3_streamfile.h">
      <Filter>meta\Header Files</Filter>
    </ClInclude>
    <ClInclude Include="meta\audiopkg_streamfile.h">
      <Filter>meta\Header Files</Filter>
    </ClInclude>
    <ClInclude Include="meta\awb_aac_encryption_streamfile.h">
      <Filter>meta\Header Files</Filter>
    </ClInclude>
    <ClInclude Include="meta\awc_decryption_streamfile.h">
      <Filter>meta\Header Files</Filter>
    </ClInclude>
    <ClInclude Include="meta\awc_streamfile.h">
      <Filter>meta\Header Files</Filter>
    </ClInclude>
    <ClInclude Include="meta\bar_streamfile.h">
      <Filter>meta\Header Files</Filter>
    </ClInclude>
    <ClInclude Include="meta\bgw_streamfile.h">
      <Filter>meta\Header Files</Filter>
    </ClInclude>
    <ClInclude Include="meta\bnsf_keys.h">
      <Filter>meta\Header Files</Filter>
    </ClInclude>
    <ClInclude Include="meta\deblock_streamfile.h">
      <Filter>meta\Header Files</Filter>
    </ClInclude>
    <ClInclude Include="meta\ea_eaac_opus_streamfile.h">
      <Filter>meta\Header Files</Filter>
    </ClInclude>
    <ClInclude Include="meta\ea_eaac_streamfile.h">
      <Filter>meta\Header Files</Filter>
    </ClInclude>
    <ClInclude Include="meta\ea_schl_streamfile.h">
      <Filter>meta\Header Files</Filter>
    </ClInclude>
    <ClInclude Include="meta\encrypted_bgm_streamfile.h">
      <Filter>meta\Header Files</Filter>
    </ClInclude>
    <ClInclude Include="meta\encrypted_mc161_streamfile.h">
      <Filter>meta\Header Files</Filter>
    </ClInclude>
    <ClInclude Include="meta\fsb5_streamfile.h">
      <Filter>meta\Header Files</Filter>
    </ClInclude>
    <ClInclude Include="meta\fsb_encrypted_streamfile.h">
      <Filter>meta\Header Files</Filter>
    </ClInclude>
    <ClInclude Include="meta\fsb_interleave_streamfile.h">
      <Filter>meta\Header Files</Filter>
    </ClInclude>
    <ClInclude Include="meta\fsb_keys.h">
      <Filter>meta\Header Files</Filter>
    </ClInclude>
    <ClInclude Include="meta\fsb_fev.h">
      <Filter>meta\Header Files</Filter>
    </ClInclude>
    <ClInclude Include="meta\hca_bf.h">
      <Filter>meta\Header Files</Filter>
    </ClInclude>
    <ClInclude Include="meta\hca_keys.h">
      <Filter>meta\Header Files</Filter>
    </ClInclude>
    <ClInclude Include="meta\hca_keys_awb.h">
      <Filter>meta\Header Files</Filter>
    </ClInclude>
    <ClInclude Include="meta\idtech_streamfile.h">
      <Filter>meta\Header Files</Filter>
    </ClInclude>
    <ClInclude Include="meta\ivb_streamfile.h">
      <Filter>meta\Header Files</Filter>
    </ClInclude>
    <ClInclude Include="meta\jstm_streamfile.h">
      <Filter>meta\Header Files</Filter>
    </ClInclude>
    <ClInclude Include="meta\kma9_streamfile.h">
      <Filter>meta\Header Files</Filter>
    </ClInclude>
    <ClInclude Include="meta\ktsr_streamfile.h">
      <Filter>meta\Header Files</Filter>
    </ClInclude>
    <ClInclude Include="meta\lp_ap_lep_streamfile.h">
      <Filter>meta\Header Files</Filter>
    </ClInclude>
    <ClInclude Include="meta\lrmd_streamfile.h">
      <Filter>meta\Header Files</Filter>
    </ClInclude>
    <ClInclude Include="meta\meta.h">
      <Filter>meta\Header Files</Filter>
    </ClInclude>
    <ClInclude Include="meta\mta2_streamfile.h">
      <Filter>meta\Header Files</Filter>
    </ClInclude>
    <ClInclude Include="meta\mul_streamfile.h">
      <Filter>meta\Header Files</Filter>
    </ClInclude>
    <ClInclude Include="meta\mups_streamfile.h">
      <Filter>meta\Header Files</Filter>
    </ClInclude>
    <ClInclude Include="meta\nus3bank_streamfile.h">
      <Filter>meta\Header Files</Filter>
    </ClInclude>
    <ClInclude Include="meta\ogg_vorbis_streamfile.h">
      <Filter>meta\Header Files</Filter>
    </ClInclude>
    <ClInclude Include="meta\opus_interleave_streamfile.h">
      <Filter>meta\Header Files</Filter>
    </ClInclude>
    <ClInclude Include="meta\ppst_streamfile.h">
      <Filter>meta\Header Files</Filter>
    </ClInclude>
    <ClInclude Include="meta\rage_aud_streamfile.h">
      <Filter>meta\Header Files</Filter>
    </ClInclude>
    <ClInclude Include="meta\riff_ogg_streamfile.h">
      <Filter>meta\Header Files</Filter>
    </ClInclude>
    <ClInclude Include="meta\sab_streamfile.h">
      <Filter>meta\Header Files</Filter>
    </ClInclude>
    <ClInclude Include="meta\sfh_streamfile.h">
      <Filter>meta\Header Files</Filter>
    </ClInclude>
    <ClInclude Include="meta\sqex_streamfile.h">
      <Filter>meta\Header Files</Filter>
    </ClInclude>
    <ClInclude Include="meta\sscf_encrypted.h">
      <Filter>meta\Header Files</Filter>
    </ClInclude>
    <ClInclude Include="meta\str_wav_streamfile.h">
      <Filter>meta\Header Files</Filter>
    </ClInclude>
    <ClInclude Include="meta\txth_streamfile.h">
      <Filter>meta\Header Files</Filter>
    </ClInclude>
    <ClInclude Include="meta\txtp.h">
      <Filter>meta\Header Files</Filter>
    </ClInclude>
    <ClInclude Include="meta\ubi_bao_config.h">
      <Filter>meta\Header Files</Filter>
    </ClInclude>
    <ClInclude Include="meta\ubi_bao_parser.h">
      <Filter>meta\Header Files</Filter>
    </ClInclude>
    <ClInclude Include="meta\ubi_bao_streamfile.h">
      <Filter>meta\Header Files</Filter>
    </ClInclude>
    <ClInclude Include="meta\ubi_ckd_cwav_streamfile.h">
      <Filter>meta\Header Files</Filter>
    </ClInclude>
    <ClInclude Include="meta\ubi_lyn_streamfile.h">
      <Filter>meta\Header Files</Filter>
    </ClInclude>
    <ClInclude Include="meta\ubi_sb_garbage_streamfile.h">
      <Filter>meta\Header Files</Filter>
    </ClInclude>
    <ClInclude Include="meta\ubi_sb_streamfile.h">
      <Filter>meta\Header Files</Filter>
    </ClInclude>
    <ClInclude Include="meta\vsv_streamfile.h">
      <Filter>meta\Header Files</Filter>
    </ClInclude>
    <ClInclude Include="meta\xavs_streamfile.h">
      <Filter>meta\Header Files</Filter>
    </ClInclude>
    <ClInclude Include="meta\xnb_lz4mg.h">
      <Filter>meta\Header Files</Filter>
    </ClInclude>
    <ClInclude Include="meta\xnb_streamfile.h">
      <Filter>meta\Header Files</Filter>
    </ClInclude>
    <ClInclude Include="meta\xvag_streamfile.h">
      <Filter>meta\Header Files</Filter>
    </ClInclude>
    <ClInclude Include="meta\xwb_xsb.h">
      <Filter>meta\Header Files</Filter>
    </ClInclude>
    <ClInclude Include="meta\xwma_konami_streamfile.h">
      <Filter>meta\Header Files</Filter>
    </ClInclude>
    <ClInclude Include="meta\zsnd_streamfile.h">
      <Filter>meta\Header Files</Filter>
    </ClInclude>
    <ClInclude Include="util\bitstream_lsb.h">
      <Filter>util\Header Files</Filter>
    </ClInclude>
    <ClInclude Include="util\bitstream_msb.h">
      <Filter>util\Header Files</Filter>
    </ClInclude>
    <ClInclude Include="util\channel_mappings.h">
      <Filter>util\Header Files</Filter>
    </ClInclude>
    <ClInclude Include="util\chunks.h">
      <Filter>util\Header Files</Filter>
    </ClInclude>
    <ClInclude Include="util\cipher_blowfish.h">
      <Filter>util\Header Files</Filter>
    </ClInclude>
    <ClInclude Include="util\cipher_xxtea.h">
      <Filter>util\Header Files</Filter>
    </ClInclude>
    <ClInclude Include="util\companion_files.h">
      <Filter>util\Header Files</Filter>
    </ClInclude>
    <ClInclude Include="util\cri_keys.h">
      <Filter>util\Header Files</Filter>
    </ClInclude>
    <ClInclude Include="util\cri_utf.h">
      <Filter>util\Header Files</Filter>
    </ClInclude>
    <ClInclude Include="util\endianness.h">
      <Filter>util\Header Files</Filter>
    </ClInclude>
    <ClInclude Include="util\io_callback.h">
      <Filter>util\Header Files</Filter>
    </ClInclude>
    <ClInclude Include="util\io_callback_sf.h">
      <Filter>util\Header Files</Filter>
    </ClInclude>
    <ClInclude Include="util\layout_utils.h">
      <Filter>util\Header Files</Filter>
    </ClInclude>
    <ClInclude Include="util\log.h">
      <Filter>util\Header Files</Filter>
    </ClInclude>
    <ClInclude Include="util\m2_psb.h">
      <Filter>util\Header Files</Filter>
    </ClInclude>
    <ClInclude Include="util\meta_utils.h">
      <Filter>util\Header Files</Filter>
    </ClInclude>
    <ClInclude Include="util\miniz.h">
      <Filter>util\Header Files</Filter>
    </ClInclude>
    <ClInclude Include="util\paths.h">
      <Filter>util\Header Files</Filter>
    </ClInclude>
    <ClInclude Include="util\reader_get.h">
      <Filter>util\Header Files</Filter>
    </ClInclude>
    <ClInclude Include="util\reader_get_nibbles.h">
      <Filter>util\Header Files</Filter>
    </ClInclude>
    <ClInclude Include="util\reader_helper.h">
      <Filter>util\Header Files</Filter>
    </ClInclude>
    <ClInclude Include="util\reader_put.h">
      <Filter>util\Header Files</Filter>
    </ClInclude>
    <ClInclude Include="util\reader_sf.h">
      <Filter>util\Header Files</Filter>
    </ClInclude>
    <ClInclude Include="util\reader_text.h">
      <Filter>util\Header Files</Filter>
    </ClInclude>
    <ClInclude Include="util\sf_utils.h">
      <Filter>util\Header Files</Filter>
    </ClInclude>
    <ClInclude Include="util\spu_utils.h">
      <Filter>util\Header Files</Filter>
    </ClInclude>
    <ClInclude Include="util\text_reader.h">
      <Filter>util\Header Files</Filter>
    </ClInclude>
    <ClInclude Include="util\vgmstream_limits.h">
      <Filter>util\Header Files</Filter>
    </ClInclude>
    <ClInclude Include="util\vorbis_codebooks.h">
      <Filter>util\Header Files</Filter>
    </ClInclude>
    <ClInclude Include="util\zlib_vgmstream.h">
      <Filter>util\Header Files</Filter>
    </ClInclude>
  </ItemGroup>
  <ItemGroup>
    <ClCompile Include="formats.c">
      <Filter>Source Files</Filter>
    </ClCompile>
    <ClCompile Include="streamfile.c">
      <Filter>Source Files</Filter>
    </ClCompile>
    <ClCompile Include="util.c">
      <Filter>Source Files</Filter>
    </ClCompile>
    <ClCompile Include="vgmstream.c">
      <Filter>Source Files</Filter>
    </ClCompile>
    <ClCompile Include="vgmstream_init.c">
      <Filter>Source Files</Filter>
    </ClCompile>
    <ClCompile Include="base\api_decode_base.c">
      <Filter>base\Source Files</Filter>
    </ClCompile>
    <ClCompile Include="base\api_decode_open.c">
      <Filter>base\Source Files</Filter>
    </ClCompile>
    <ClCompile Include="base\api_decode_play.c">
      <Filter>base\Source Files</Filter>
    </ClCompile>
    <ClCompile Include="base\api_helpers.c">
      <Filter>base\Source Files</Filter>
    </ClCompile>
    <ClCompile Include="base\api_libsf.c">
      <Filter>base\Source Files</Filter>
    </ClCompile>
    <ClCompile Include="base\api_libsf_cache.c">
      <Filter>base\Source Files</Filter>
    </ClCompile>
    <ClCompile Include="base\api_tags.c">
      <Filter>base\Source Files</Filter>
    </ClCompile>
    <ClCompile Include="base\codec_info.c">
      <Filter>base\Source Files</Filter>
    </ClCompile>
    <ClCompile Include="base\decode.c">
      <Filter>base\Source Files</Filter>
    </ClCompile>
    <ClCompile Include="base\info.c">
      <Filter>base\Source Files</Filter>
    </ClCompile>
    <ClCompile Include="base\mixer.c">
      <Filter>base\Source Files</Filter>
    </ClCompile>
    <ClCompile Include="base\mixer_ops_common.c">
      <Filter>base\Source Files</Filter>
    </ClCompile>
    <ClCompile Include="base\mixer_ops_fade.c">
      <Filter>base\Source Files</Filter>
    </ClCompile>
    <ClCompile Include="base\mixing.c">
      <Filter>base\Source Files</Filter>
    </ClCompile>
    <ClCompile Include="base\mixing_commands.c">
      <Filter>base\Source Files</Filter>
    </ClCompile>
    <ClCompile Include="base\mixing_macros.c">
      <Filter>base\Source Files</Filter>
    </ClCompile>
    <ClCompile Include="base\play_config.c">
      <Filter>base\Source Files</Filter>
    </ClCompile>
    <ClCompile Include="base\play_state.c">
      <Filter>base\Source Files</Filter>
    </ClCompile>
    <ClCompile Include="base\plugins.c">
      <Filter>base\Source Files</Filter>
    </ClCompile>
    <ClCompile Include="base\render.c">
      <Filter>base\Source Files</Filter>
    </ClCompile>
    <ClCompile Include="base\sbuf.c">
      <Filter>base\Source Files</Filter>
    </ClCompile>
    <ClCompile Include="base\seek.c">
      <Filter>base\Source Files</Filter>
    </ClCompile>
    <ClCompile Include="base\seek_table.c">
      <Filter>base\Source Files</Filter>
    </ClCompile>
    <ClCompile Include="base\streamfile_api.c">
      <Filter>base\Source Files</Filter>
    </ClCompile>
    <ClCompile Include="base\streamfile_buffer.c">
      <Filter>base\Source Files</Filter>
    </ClCompile>
    <ClCompile Include="base\streamfile_clamp.c">
      <Filter>base\Source Files</Filter>
    </ClCompile>
    <ClCompile Include="base\streamfile_fakename.c">
      <Filter>base\Source Files</Filter>
    </ClCompile>
    <ClCompile Include="base\streamfile_io.c">
      <Filter>base\Source Files</Filter>
    </ClCompile>
    <ClCompile Include="base\streamfile_multifile.c">
      <Filter>base\Source Files</Filter>
    </ClCompile>
    <ClCompile Include="base\streamfile_stdio.c">
      <Filter>base\Source Files</Filter>
    </ClCompile>
    <ClCompile Include="base\streamfile_wrap.c">
      <Filter>base\Source Files</Filter>
    </ClCompile>
    <ClCompile Include="base\tags.c">
      <Filter>base\Source Files</Filter>
    </ClCompile>
    <ClCompile Include="coding\acm_decoder.c">
      <Filter>coding\Source Files</Filter>
    </ClCompile>
    <ClCompile Include="coding\adx_decoder.c">
      <Filter>coding\Source Files</Filter>
    </ClCompile>
    <ClCompile Include="coding\afc_decoder.c">
      <Filter>coding\Source Files</Filter>
    </ClCompile>
    <ClCompile Include="coding\asf_decoder.c">
      <Filter>coding\Source Files</Filter>
    </ClCompile>
    <ClCompile Include="coding\atrac9_decoder.c">
      <Filter>coding\Source Files</Filter>
    </ClCompile>
    <ClCompile Include="coding\binka_decoder.c">
      <Filter>coding\Source Files</Filter>
    </ClCompile>
    <ClCompile Include="coding\celt_fsb_decoder.c">
      <Filter>coding\Source Files</Filter>
    </ClCompile>
    <ClCompile Include="coding\circus_decoder.c">
      <Filter>coding\Source Files</Filter>
    </ClCompile>
    <ClCompile Include="coding\coding_utils.c">
      <Filter>coding\Source Files</Filter>
    </ClCompile>
    <ClCompile Include="coding\compresswave_decoder.c">
      <Filter>coding\Source Files</Filter>
    </ClCompile>
    <ClCompile Include="coding\derf_decoder.c">
      <Filter>coding\Source Files</Filter>
    </ClCompile>
    <ClCompile Include="coding\df_decoder.c">
      <Filter>coding\Source Files</Filter>
    </ClCompile>
    <ClCompile Include="coding\dpcm_kcej_decoder.c">
      <Filter>coding\Source Files</Filter>
    </ClCompile>
    <ClCompile Include="coding\dsa_decoder.c">
      <Filter>coding\Source Files</Filter>
    </ClCompile>
    <ClCompile Include="coding\ea_mt_decoder.c">
      <Filter>coding\Source Files</Filter>
    </ClCompile>
    <ClCompile Include="coding\ea_xas_decoder.c">
      <Filter>coding\Source Files</Filter>
    </ClCompile>
    <ClCompile Include="coding\ea_xa_decoder.c">
      <Filter>coding\Source Files</Filter>
    </ClCompile>
    <ClCompile Include="coding\fadpcm_decoder.c">
      <Filter>coding\Source Files</Filter>
    </ClCompile>
    <ClCompile Include="coding\ffmpeg_decoder.c">
      <Filter>coding\Source Files</Filter>
    </ClCompile>
    <ClCompile Include="coding\ffmpeg_decoder_custom_mp4.c">
      <Filter>coding\Source Files</Filter>
    </ClCompile>
    <ClCompile Include="coding\ffmpeg_decoder_custom_opus.c">
      <Filter>coding\Source Files</Filter>
    </ClCompile>
    <ClCompile Include="coding\ffmpeg_decoder_utils.c">
      <Filter>coding\Source Files</Filter>
    </ClCompile>
    <ClCompile Include="coding\g719_decoder.c">
      <Filter>coding\Source Files</Filter>
    </ClCompile>
    <ClCompile Include="coding\g721_decoder.c">
      <Filter>coding\Source Files</Filter>
    </ClCompile>
    <ClCompile Include="coding\g7221_decoder.c">
      <Filter>coding\Source Files</Filter>
    </ClCompile>
    <ClCompile Include="coding\hca_decoder.c">
      <Filter>coding\Source Files</Filter>
    </ClCompile>
    <ClCompile Include="coding\ice_decoder.c">
      <Filter>coding\Source Files</Filter>
    </ClCompile>
    <ClCompile Include="coding\ima_decoder.c">
      <Filter>coding\Source Files</Filter>
    </ClCompile>
    <ClCompile Include="coding\imuse_decoder.c">
      <Filter>coding\Source Files</Filter>
    </ClCompile>
    <ClCompile Include="coding\ka1a_decoder.c">
      <Filter>coding\Source Files</Filter>
    </ClCompile>
    <ClCompile Include="coding\l5_555_decoder.c">
      <Filter>coding\Source Files</Filter>
    </ClCompile>
    <ClCompile Include="coding\lsf_decoder.c">
      <Filter>coding\Source Files</Filter>
    </ClCompile>
    <ClCompile Include="coding\mio_decoder.c">
      <Filter>coding\Source Files</Filter>
    </ClCompile>
    <ClCompile Include="coding\mp4_aac_decoder.c">
      <Filter>coding\Source Files</Filter>
    </ClCompile>
    <ClCompile Include="coding\mpc3_decoder.c">
      <Filter>coding\Source Files</Filter>
    </ClCompile>
    <ClCompile Include="coding\mpeg_custom_info.c">
      <Filter>coding\Source Files</Filter>
    </ClCompile>
    <ClCompile Include="coding\mpeg_custom_utils.c">
      <Filter>coding\Source Files</Filter>
    </ClCompile>
    <ClCompile Include="coding\mpeg_custom_utils_ahx.c">
      <Filter>coding\Source Files</Filter>
    </ClCompile>
    <ClCompile Include="coding\mpeg_custom_utils_ealayer3.c">
      <Filter>coding\Source Files</Filter>
    </ClCompile>
    <ClCompile Include="coding\mpeg_custom_utils_eamp3.c">
      <Filter>coding\Source Files</Filter>
    </ClCompile>
    <ClCompile Include="coding\mpeg_decoder.c">
      <Filter>coding\Source Files</Filter>
    </ClCompile>
    <ClCompile Include="coding\msadpcm_decoder.c">
      <Filter>coding\Source Files</Filter>
    </ClCompile>
    <ClCompile Include="coding\mta2_decoder.c">
      <Filter>coding\Source Files</Filter>
    </ClCompile>
    <ClCompile Include="coding\mtaf_decoder.c">
      <Filter>coding\Source Files</Filter>
    </ClCompile>
    <ClCompile Include="coding\nds_procyon_decoder.c">
      <Filter>coding\Source Files</Filter>
    </ClCompile>
    <ClCompile Include="coding\ngc_dsp_decoder.c">
      <Filter>coding\Source Files</Filter>
    </ClCompile>
    <ClCompile Include="coding\ngc_dtk_decoder.c">
      <Filter>coding\Source Files</Filter>
    </ClCompile>
    <ClCompile Include="coding\nwa_decoder.c">
      <Filter>coding\Source Files</Filter>
    </ClCompile>
    <ClCompile Include="coding\ogg_vorbis_decoder.c">
      <Filter>coding\Source Files</Filter>
    </ClCompile>
    <ClCompile Include="coding\oki_decoder.c">
      <Filter>coding\Source Files</Filter>
    </ClCompile>
    <ClCompile Include="coding\ongakukan_adp_decoder.c">
      <Filter>coding\Source Files</Filter>
    </ClCompile>
    <ClCompile Include="coding\pcm_decoder.c">
      <Filter>coding\Source Files</Filter>
    </ClCompile>
    <ClCompile Include="coding\psv_decoder.c">
      <Filter>coding\Source Files</Filter>
    </ClCompile>
    <ClCompile Include="coding\psx_decoder.c">
      <Filter>coding\Source Files</Filter>
    </ClCompile>
    <ClCompile Include="coding\ptadpcm_decoder.c">
      <Filter>coding\Source Files</Filter>
    </ClCompile>
    <ClCompile Include="coding\relic_decoder.c">
      <Filter>coding\Source Files</Filter>
    </ClCompile>
    <ClCompile Include="coding\sassc_decoder.c">
      <Filter>coding\Source Files</Filter>
    </ClCompile>
    <ClCompile Include="coding\sdx2_decoder.c">
      <Filter>coding\Source Files</Filter>
    </ClCompile>
    <ClCompile Include="coding\speex_decoder.c">
      <Filter>coding\Source Files</Filter>
    </ClCompile>
    <ClCompile Include="coding\tac_decoder.c">
      <Filter>coding\Source Files</Filter>
    </ClCompile>
    <ClCompile Include="coding\tantalus_decoder.c">
      <Filter>coding\Source Files</Filter>
    </ClCompile>
    <ClCompile Include="coding\tgcadpcm_decoder.c">
      <Filter>coding\Source Files</Filter>
    </ClCompile>
    <ClCompile Include="coding\ualaw_decoder.c">
      <Filter>coding\Source Files</Filter>
    </ClCompile>
    <ClCompile Include="coding\ubi_adpcm_decoder.c">
      <Filter>coding\Source Files</Filter>
    </ClCompile>
    <ClCompile Include="coding\ubi_mpeg_decoder.c">
      <Filter>coding\Source Files</Filter>
    </ClCompile>
    <ClCompile Include="coding\vadpcm_decoder.c">
      <Filter>coding\Source Files</Filter>
    </ClCompile>
    <ClCompile Include="coding\vorbis_custom_decoder.c">
      <Filter>coding\Source Files</Filter>
    </ClCompile>
    <ClCompile Include="coding\vorbis_custom_utils.c">
      <Filter>coding\Source Files</Filter>
    </ClCompile>
    <ClCompile Include="coding\vorbis_custom_utils_awc.c">
      <Filter>coding\Source Files</Filter>
    </ClCompile>
    <ClCompile Include="coding\vorbis_custom_utils_fsb.c">
      <Filter>coding\Source Files</Filter>
    </ClCompile>
    <ClCompile Include="coding\vorbis_custom_utils_ogl.c">
      <Filter>coding\Source Files</Filter>
    </ClCompile>
    <ClCompile Include="coding\vorbis_custom_utils_oor.c">
      <Filter>coding\Source Files</Filter>
    </ClCompile>
    <ClCompile Include="coding\vorbis_custom_utils_sk.c">
      <Filter>coding\Source Files</Filter>
    </ClCompile>
    <ClCompile Include="coding\vorbis_custom_utils_vid1.c">
      <Filter>coding\Source Files</Filter>
    </ClCompile>
    <ClCompile Include="coding\vorbis_custom_utils_wwise.c">
      <Filter>coding\Source Files</Filter>
    </ClCompile>
    <ClCompile Include="coding\wady_decoder.c">
      <Filter>coding\Source Files</Filter>
    </ClCompile>
    <ClCompile Include="coding\ws_decoder.c">
      <Filter>coding\Source Files</Filter>
    </ClCompile>
    <ClCompile Include="coding\xa_decoder.c">
      <Filter>coding\Source Files</Filter>
    </ClCompile>
    <ClCompile Include="coding\xmd_decoder.c">
      <Filter>coding\Source Files</Filter>
    </ClCompile>
    <ClCompile Include="coding\yamaha_decoder.c">
      <Filter>coding\Source Files</Filter>
    </ClCompile>
    <ClCompile Include="coding\libs\binka_dec.c">
      <Filter>coding\libs\Source Files</Filter>
    </ClCompile>
    <ClCompile Include="coding\libs\binka_transform.c">
      <Filter>coding\libs\Source Files</Filter>
    </ClCompile>
    <ClCompile Include="coding\libs\circus_vq_lib.c">
      <Filter>coding\libs\Source Files</Filter>
    </ClCompile>
    <ClCompile Include="coding\libs\clhca.c">
      <Filter>coding\libs\Source Files</Filter>
    </ClCompile>
    <ClCompile Include="coding\libs\compresswave_lib.c">
      <Filter>coding\libs\Source Files</Filter>
    </ClCompile>
    <ClCompile Include="coding\libs\g7221_aes.c">
      <Filter>coding\libs\Source Files</Filter>
    </ClCompile>
    <ClCompile Include="coding\libs\g7221_lib.c">
      <Filter>coding\libs\Source Files</Filter>
    </ClCompile>
    <ClCompile Include="coding\libs\icelib.c">
      <Filter>coding\libs\Source Files</Filter>
    </ClCompile>
    <ClCompile Include="coding\libs\ka1a_dec.c">
      <Filter>coding\libs\Source Files</Filter>
    </ClCompile>
    <ClCompile Include="coding\libs\libacm_decode.c">
      <Filter>coding\libs\Source Files</Filter>
    </ClCompile>
    <ClCompile Include="coding\libs\libacm_util.c">
      <Filter>coding\libs\Source Files</Filter>
    </ClCompile>
    <ClCompile Include="coding\libs\mio_erisacontext.c">
      <Filter>coding\libs\Source Files</Filter>
    </ClCompile>
    <ClCompile Include="coding\libs\mio_erisafile.c">
      <Filter>coding\libs\Source Files</Filter>
    </ClCompile>
    <ClCompile Include="coding\libs\mio_erisamatrix.c">
      <Filter>coding\libs\Source Files</Filter>
    </ClCompile>
    <ClCompile Include="coding\libs\mio_erisasound.c">
      <Filter>coding\libs\Source Files</Filter>
    </ClCompile>
    <ClCompile Include="coding\libs\nwa_lib.c">
      <Filter>coding\libs\Source Files</Filter>
    </ClCompile>
    <ClCompile Include="coding\libs\ongakukan_adp_lib.c">
      <Filter>coding\libs\Source Files</Filter>
    </ClCompile>
    <ClCompile Include="coding\libs\oor_helpers.c">
      <Filter>coding\libs\Source Files</Filter>
    </ClCompile>
    <ClCompile Include="coding\libs\relic_lib.c">
      <Filter>coding\libs\Source Files</Filter>
    </ClCompile>
    <ClCompile Include="coding\libs\relic_mixfft.c">
      <Filter>coding\libs\Source Files</Filter>
    </ClCompile>
    <ClCompile Include="coding\libs\tac_lib.c">
      <Filter>coding\libs\Source Files</Filter>
    </ClCompile>
    <ClCompile Include="coding\libs\ubi_mpeg_helpers.c">
      <Filter>coding\libs\Source Files</Filter>
    </ClCompile>
    <ClCompile Include="coding\libs\utkdec.c">
      <Filter>coding\libs\Source Files</Filter>
    </ClCompile>
    <ClCompile Include="layout\blocked.c">
      <Filter>layout\Source Files</Filter>
    </ClCompile>
    <ClCompile Include="layout\blocked_adm.c">
      <Filter>layout\Source Files</Filter>
    </ClCompile>
    <ClCompile Include="layout\blocked_ast.c">
      <Filter>layout\Source Files</Filter>
    </ClCompile>
    <ClCompile Include="layout\blocked_awc.c">
      <Filter>layout\Source Files</Filter>
    </ClCompile>
    <ClCompile Include="layout\blocked_caf.c">
      <Filter>layout\Source Files</Filter>
    </ClCompile>
    <ClCompile Include="layout\blocked_dec.c">
      <Filter>layout\Source Files</Filter>
    </ClCompile>
    <ClCompile Include="layout\blocked_ea_1snh.c">
      <Filter>layout\Source Files</Filter>
    </ClCompile>
    <ClCompile Include="layout\blocked_ea_schl.c">
      <Filter>layout\Source Files</Filter>
    </ClCompile>
    <ClCompile Include="layout\blocked_ea_sns.c">
      <Filter>layout\Source Files</Filter>
    </ClCompile>
    <ClCompile Include="layout\blocked_ea_swvr.c">
      <Filter>layout\Source Files</Filter>
    </ClCompile>
    <ClCompile Include="layout\blocked_ea_wve_ad10.c">
      <Filter>layout\Source Files</Filter>
    </ClCompile>
    <ClCompile Include="layout\blocked_ea_wve_au00.c">
      <Filter>layout\Source Files</Filter>
    </ClCompile>
    <ClCompile Include="layout\blocked_filp.c">
      <Filter>layout\Source Files</Filter>
    </ClCompile>
    <ClCompile Include="layout\blocked_gsnd.c">
      <Filter>layout\Source Files</Filter>
    </ClCompile>
    <ClCompile Include="layout\blocked_h4m.c">
      <Filter>layout\Source Files</Filter>
    </ClCompile>
    <ClCompile Include="layout\blocked_halpst.c">
      <Filter>layout\Source Files</Filter>
    </ClCompile>
    <ClCompile Include="layout\blocked_hwas.c">
      <Filter>layout\Source Files</Filter>
    </ClCompile>
    <ClCompile Include="layout\blocked_mul.c">
      <Filter>layout\Source Files</Filter>
    </ClCompile>
    <ClCompile Include="layout\blocked_mxch.c">
      <Filter>layout\Source Files</Filter>
    </ClCompile>
    <ClCompile Include="layout\blocked_ps2_iab.c">
      <Filter>layout\Source Files</Filter>
    </ClCompile>
    <ClCompile Include="layout\blocked_rage_aud.c">
      <Filter>layout\Source Files</Filter>
    </ClCompile>
    <ClCompile Include="layout\blocked_rws.c">
      <Filter>layout\Source Files</Filter>
    </ClCompile>
    <ClCompile Include="layout\blocked_sthd.c">
      <Filter>layout\Source Files</Filter>
    </ClCompile>
    <ClCompile Include="layout\blocked_str_snds.c">
      <Filter>layout\Source Files</Filter>
    </ClCompile>
    <ClCompile Include="layout\blocked_thp.c">
      <Filter>layout\Source Files</Filter>
    </ClCompile>
    <ClCompile Include="layout\blocked_tt_ad.c">
      <Filter>layout\Source Files</Filter>
    </ClCompile>
    <ClCompile Include="layout\blocked_ubi_sce.c">
      <Filter>layout\Source Files</Filter>
    </ClCompile>
    <ClCompile Include="layout\blocked_vas.c">
      <Filter>layout\Source Files</Filter>
    </ClCompile>
    <ClCompile Include="layout\blocked_vas_kceo.c">
      <Filter>layout\Source Files</Filter>
    </ClCompile>
    <ClCompile Include="layout\blocked_vgs.c">
      <Filter>layout\Source Files</Filter>
    </ClCompile>
    <ClCompile Include="layout\blocked_vid1.c">
      <Filter>layout\Source Files</Filter>
    </ClCompile>
    <ClCompile Include="layout\blocked_vs.c">
      <Filter>layout\Source Files</Filter>
    </ClCompile>
    <ClCompile Include="layout\blocked_vs_square.c">
      <Filter>layout\Source Files</Filter>
    </ClCompile>
    <ClCompile Include="layout\blocked_vs_str.c">
      <Filter>layout\Source Files</Filter>
    </ClCompile>
    <ClCompile Include="layout\blocked_wsi.c">
      <Filter>layout\Source Files</Filter>
    </ClCompile>
    <ClCompile Include="layout\blocked_ws_aud.c">
      <Filter>layout\Source Files</Filter>
    </ClCompile>
    <ClCompile Include="layout\blocked_xa.c">
      <Filter>layout\Source Files</Filter>
    </ClCompile>
    <ClCompile Include="layout\blocked_xa_aiff.c">
      <Filter>layout\Source Files</Filter>
    </ClCompile>
    <ClCompile Include="layout\blocked_xvag.c">
      <Filter>layout\Source Files</Filter>
    </ClCompile>
    <ClCompile Include="layout\blocked_xwav.c">
      <Filter>layout\Source Files</Filter>
    </ClCompile>
    <ClCompile Include="layout\flat.c">
      <Filter>layout\Source Files</Filter>
    </ClCompile>
    <ClCompile Include="layout\interleave.c">
      <Filter>layout\Source Files</Filter>
    </ClCompile>
    <ClCompile Include="layout\layered.c">
      <Filter>layout\Source Files</Filter>
    </ClCompile>
    <ClCompile Include="layout\segmented.c">
      <Filter>layout\Source Files</Filter>
    </ClCompile>
    <ClCompile Include="meta\208.c">
      <Filter>meta\Source Files</Filter>
    </ClCompile>
    <ClCompile Include="meta\2dx.c">
      <Filter>meta\Source Files</Filter>
    </ClCompile>
    <ClCompile Include="meta\2dx9.c">
      <Filter>meta\Source Files</Filter>
    </ClCompile>
    <ClCompile Include="meta\2pfs.c">
      <Filter>meta\Source Files</Filter>
    </ClCompile>
    <ClCompile Include="meta\9tav.c">
      <Filter>meta\Source Files</Filter>
    </ClCompile>
    <ClCompile Include="meta\a2m.c">
      <Filter>meta\Source Files</Filter>
    </ClCompile>
    <ClCompile Include="meta\aac_triace.c">
      <Filter>meta\Source Files</Filter>
    </ClCompile>
    <ClCompile Include="meta\aax.c">
      <Filter>meta\Source Files</Filter>
    </ClCompile>
    <ClCompile Include="meta\acb.c">
      <Filter>meta\Source Files</Filter>
    </ClCompile>
    <ClCompile Include="meta\acm.c">
      <Filter>meta\Source Files</Filter>
    </ClCompile>
    <ClCompile Include="meta\acx.c">
      <Filter>meta\Source Files</Filter>
    </ClCompile>
    <ClCompile Include="meta\adm.c">
      <Filter>meta\Source Files</Filter>
    </ClCompile>
    <ClCompile Include="meta\adpcm_capcom.c">
      <Filter>meta\Source Files</Filter>
    </ClCompile>
    <ClCompile Include="meta\adp_konami.c">
      <Filter>meta\Source Files</Filter>
    </ClCompile>
    <ClCompile Include="meta\adp_ongakukan.c">
      <Filter>meta\Source Files</Filter>
    </ClCompile>
    <ClCompile Include="meta\adp_qd.c">
      <Filter>meta\Source Files</Filter>
    </ClCompile>
    <ClCompile Include="meta\adp_wildfire.c">
      <Filter>meta\Source Files</Filter>
    </ClCompile>
    <ClCompile Include="meta\ads.c">
      <Filter>meta\Source Files</Filter>
    </ClCompile>
    <ClCompile Include="meta\ads_midway.c">
      <Filter>meta\Source Files</Filter>
    </ClCompile>
    <ClCompile Include="meta\adx.c">
      <Filter>meta\Source Files</Filter>
    </ClCompile>
    <ClCompile Include="meta\adx_monster.c">
      <Filter>meta\Source Files</Filter>
    </ClCompile>
    <ClCompile Include="meta\afc.c">
      <Filter>meta\Source Files</Filter>
    </ClCompile>
    <ClCompile Include="meta\agsc.c">
      <Filter>meta\Source Files</Filter>
    </ClCompile>
    <ClCompile Include="meta\ahv.c">
      <Filter>meta\Source Files</Filter>
    </ClCompile>
    <ClCompile Include="meta\ahx.c">
      <Filter>meta\Source Files</Filter>
    </ClCompile>
    <ClCompile Include="meta\aifc.c">
      <Filter>meta\Source Files</Filter>
    </ClCompile>
    <ClCompile Include="meta\aif_asobo.c">
      <Filter>meta\Source Files</Filter>
    </ClCompile>
    <ClCompile Include="meta\aix.c">
      <Filter>meta\Source Files</Filter>
    </ClCompile>
    <ClCompile Include="meta\akb.c">
      <Filter>meta\Source Files</Filter>
    </ClCompile>
    <ClCompile Include="meta\alp.c">
      <Filter>meta\Source Files</Filter>
    </ClCompile>
    <ClCompile Include="meta\ao.c">
      <Filter>meta\Source Files</Filter>
    </ClCompile>
    <ClCompile Include="meta\apa3.c">
      <Filter>meta\Source Files</Filter>
    </ClCompile>
    <ClCompile Include="meta\apc.c">
      <Filter>meta\Source Files</Filter>
    </ClCompile>
    <ClCompile Include="meta\apple_caff.c">
      <Filter>meta\Source Files</Filter>
    </ClCompile>
    <ClCompile Include="meta\asd_naxat.c">
      <Filter>meta\Source Files</Filter>
    </ClCompile>
    <ClCompile Include="meta\asf.c">
      <Filter>meta\Source Files</Filter>
    </ClCompile>
    <ClCompile Include="meta\ast.c">
      <Filter>meta\Source Files</Filter>
    </ClCompile>
    <ClCompile Include="meta\astb.c">
      <Filter>meta\Source Files</Filter>
    </ClCompile>
    <ClCompile Include="meta\astl.c">
      <Filter>meta\Source Files</Filter>
    </ClCompile>
    <ClCompile Include="meta\ast_mmv.c">
      <Filter>meta\Source Files</Filter>
    </ClCompile>
    <ClCompile Include="meta\ast_mv.c">
      <Filter>meta\Source Files</Filter>
    </ClCompile>
    <ClCompile Include="meta\atsl.c">
      <Filter>meta\Source Files</Filter>
    </ClCompile>
    <ClCompile Include="meta\audiopkg.c">
      <Filter>meta\Source Files</Filter>
    </ClCompile>
    <ClCompile Include="meta\aus.c">
      <Filter>meta\Source Files</Filter>
    </ClCompile>
    <ClCompile Include="meta\awb.c">
      <Filter>meta\Source Files</Filter>
    </ClCompile>
    <ClCompile Include="meta\awc.c">
      <Filter>meta\Source Files</Filter>
    </ClCompile>
    <ClCompile Include="meta\awd.c">
      <Filter>meta\Source Files</Filter>
    </ClCompile>
    <ClCompile Include="meta\axhd.c">
      <Filter>meta\Source Files</Filter>
    </ClCompile>
    <ClCompile Include="meta\baf.c">
      <Filter>meta\Source Files</Filter>
    </ClCompile>
    <ClCompile Include="meta\baka.c">
      <Filter>meta\Source Files</Filter>
    </ClCompile>
    <ClCompile Include="meta\bar.c">
      <Filter>meta\Source Files</Filter>
    </ClCompile>
    <ClCompile Include="meta\bcf1.c">
      <Filter>meta\Source Files</Filter>
    </ClCompile>
    <ClCompile Include="meta\bcstm.c">
      <Filter>meta\Source Files</Filter>
    </ClCompile>
    <ClCompile Include="meta\bfstm.c">
      <Filter>meta\Source Files</Filter>
    </ClCompile>
    <ClCompile Include="meta\bfwav.c">
      <Filter>meta\Source Files</Filter>
    </ClCompile>
    <ClCompile Include="meta\bg00.c">
      <Filter>meta\Source Files</Filter>
    </ClCompile>
    <ClCompile Include="meta\bgw.c">
      <Filter>meta\Source Files</Filter>
    </ClCompile>
    <ClCompile Include="meta\bigrp.c">
      <Filter>meta\Source Files</Filter>
    </ClCompile>
    <ClCompile Include="meta\bik.c">
      <Filter>meta\Source Files</Filter>
    </ClCompile>
    <ClCompile Include="meta\bkhd.c">
      <Filter>meta\Source Files</Filter>
    </ClCompile>
    <ClCompile Include="meta\bmp_konami.c">
      <Filter>meta\Source Files</Filter>
    </ClCompile>
    <ClCompile Include="meta\bnk_relic.c">
      <Filter>meta\Source Files</Filter>
    </ClCompile>
    <ClCompile Include="meta\bnk_sony.c">
      <Filter>meta\Source Files</Filter>
    </ClCompile>
    <ClCompile Include="meta\bns.c">
      <Filter>meta\Source Files</Filter>
    </ClCompile>
    <ClCompile Include="meta\bnsf.c">
      <Filter>meta\Source Files</Filter>
    </ClCompile>
    <ClCompile Include="meta\brstm.c">
      <Filter>meta\Source Files</Filter>
    </ClCompile>
    <ClCompile Include="meta\bsf.c">
      <Filter>meta\Source Files</Filter>
    </ClCompile>
    <ClCompile Include="meta\btsnd.c">
      <Filter>meta\Source Files</Filter>
    </ClCompile>
    <ClCompile Include="meta\bwav.c">
      <Filter>meta\Source Files</Filter>
    </ClCompile>
    <ClCompile Include="meta\bw_mp3_riff.c">
      <Filter>meta\Source Files</Filter>
    </ClCompile>
    <ClCompile Include="meta\caf.c">
      <Filter>meta\Source Files</Filter>
    </ClCompile>
    <ClCompile Include="meta\cf_df.c">
      <Filter>meta\Source Files</Filter>
    </ClCompile>
    <ClCompile Include="meta\chatterbox.c">
      <Filter>meta\Source Files</Filter>
    </ClCompile>
    <ClCompile Include="meta\ck.c">
      <Filter>meta\Source Files</Filter>
    </ClCompile>
    <ClCompile Include="meta\compresswave.c">
      <Filter>meta\Source Files</Filter>
    </ClCompile>
    <ClCompile Include="meta\cpk.c">
      <Filter>meta\Source Files</Filter>
    </ClCompile>
    <ClCompile Include="meta\cps.c">
      <Filter>meta\Source Files</Filter>
    </ClCompile>
    <ClCompile Include="meta\csb.c">
      <Filter>meta\Source Files</Filter>
    </ClCompile>
    <ClCompile Include="meta\csmp.c">
      <Filter>meta\Source Files</Filter>
    </ClCompile>
    <ClCompile Include="meta\cstr.c">
      <Filter>meta\Source Files</Filter>
    </ClCompile>
    <ClCompile Include="meta\cxs.c">
      <Filter>meta\Source Files</Filter>
    </ClCompile>
    <ClCompile Include="meta\dcs_wav.c">
      <Filter>meta\Source Files</Filter>
    </ClCompile>
    <ClCompile Include="meta\deblock_streamfile.c">
      <Filter>meta\Source Files</Filter>
    </ClCompile>
    <ClCompile Include="meta\dec.c">
      <Filter>meta\Source Files</Filter>
    </ClCompile>
    <ClCompile Include="meta\derf.c">
      <Filter>meta\Source Files</Filter>
    </ClCompile>
    <ClCompile Include="meta\diva.c">
      <Filter>meta\Source Files</Filter>
    </ClCompile>
    <ClCompile Include="meta\dmsg_segh.c">
      <Filter>meta\Source Files</Filter>
    </ClCompile>
    <ClCompile Include="meta\dsb.c">
      <Filter>meta\Source Files</Filter>
    </ClCompile>
    <ClCompile Include="meta\dsf.c">
      <Filter>meta\Source Files</Filter>
    </ClCompile>
    <ClCompile Include="meta\dsp_kceje.c">
      <Filter>meta\Source Files</Filter>
    </ClCompile>
    <ClCompile Include="meta\dvi.c">
      <Filter>meta\Source Files</Filter>
    </ClCompile>
    <ClCompile Include="meta\ea_1snh.c">
      <Filter>meta\Source Files</Filter>
    </ClCompile>
    <ClCompile Include="meta\ea_eaac.c">
      <Filter>meta\Source Files</Filter>
    </ClCompile>
    <ClCompile Include="meta\ea_eaac_abk.c">
      <Filter>meta\Source Files</Filter>
    </ClCompile>
    <ClCompile Include="meta\ea_eaac_hdr_sth_dat.c">
      <Filter>meta\Source Files</Filter>
    </ClCompile>
    <ClCompile Include="meta\ea_eaac_mpf_mus.c">
      <Filter>meta\Source Files</Filter>
    </ClCompile>
    <ClCompile Include="meta\ea_eaac_sbr.c">
      <Filter>meta\Source Files</Filter>
    </ClCompile>
    <ClCompile Include="meta\ea_eaac_sbr_harmony.c">
      <Filter>meta\Source Files</Filter>
    </ClCompile>
    <ClCompile Include="meta\ea_eaac_standard.c">
      <Filter>meta\Source Files</Filter>
    </ClCompile>
    <ClCompile Include="meta\ea_eaac_tmx.c">
      <Filter>meta\Source Files</Filter>
    </ClCompile>
    <ClCompile Include="meta\ea_sbk.c">
      <Filter>meta\Source Files</Filter>
    </ClCompile>
    <ClCompile Include="meta\ea_schl.c">
      <Filter>meta\Source Files</Filter>
    </ClCompile>
    <ClCompile Include="meta\ea_schl_abk.c">
      <Filter>meta\Source Files</Filter>
    </ClCompile>
    <ClCompile Include="meta\ea_schl_fixed.c">
      <Filter>meta\Source Files</Filter>
    </ClCompile>
    <ClCompile Include="meta\ea_schl_hdr_dat.c">
      <Filter>meta\Source Files</Filter>
    </ClCompile>
    <ClCompile Include="meta\ea_schl_map_mpf_mus.c">
      <Filter>meta\Source Files</Filter>
    </ClCompile>
    <ClCompile Include="meta\ea_schl_standard.c">
      <Filter>meta\Source Files</Filter>
    </ClCompile>
    <ClCompile Include="meta\ea_swvr.c">
      <Filter>meta\Source Files</Filter>
    </ClCompile>
    <ClCompile Include="meta\ea_wve_ad10.c">
      <Filter>meta\Source Files</Filter>
    </ClCompile>
    <ClCompile Include="meta\ea_wve_au00.c">
      <Filter>meta\Source Files</Filter>
    </ClCompile>
    <ClCompile Include="meta\ego_dic.c">
      <Filter>meta\Source Files</Filter>
    </ClCompile>
    <ClCompile Include="meta\encrypted.c">
      <Filter>meta\Source Files</Filter>
    </ClCompile>
    <ClCompile Include="meta\esf.c">
      <Filter>meta\Source Files</Filter>
    </ClCompile>
    <ClCompile Include="meta\exakt_sc.c">
      <Filter>meta\Source Files</Filter>
    </ClCompile>
    <ClCompile Include="meta\exst.c">
      <Filter>meta\Source Files</Filter>
    </ClCompile>
    <ClCompile Include="meta\ezw.c">
      <Filter>meta\Source Files</Filter>
    </ClCompile>
    <ClCompile Include="meta\fag.c">
      <Filter>meta\Source Files</Filter>
    </ClCompile>
    <ClCompile Include="meta\fda.c">
      <Filter>meta\Source Files</Filter>
    </ClCompile>
    <ClCompile Include="meta\ffdl.c">
      <Filter>meta\Source Files</Filter>
    </ClCompile>
    <ClCompile Include="meta\ffmpeg.c">
      <Filter>meta\Source Files</Filter>
    </ClCompile>
    <ClCompile Include="meta\filp.c">
      <Filter>meta\Source Files</Filter>
    </ClCompile>
    <ClCompile Include="meta\flx.c">
      <Filter>meta\Source Files</Filter>
    </ClCompile>
    <ClCompile Include="meta\fsb.c">
      <Filter>meta\Source Files</Filter>
    </ClCompile>
    <ClCompile Include="meta\fsb5.c">
      <Filter>meta\Source Files</Filter>
    </ClCompile>
    <ClCompile Include="meta\fsb5_fev.c">
      <Filter>meta\Source Files</Filter>
    </ClCompile>
    <ClCompile Include="meta\fsb_encrypted.c">
      <Filter>meta\Source Files</Filter>
    </ClCompile>
    <ClCompile Include="meta\fwse.c">
      <Filter>meta\Source Files</Filter>
    </ClCompile>
    <ClCompile Include="meta\g1l.c">
      <Filter>meta\Source Files</Filter>
    </ClCompile>
    <ClCompile Include="meta\gbts.c">
      <Filter>meta\Source Files</Filter>
    </ClCompile>
    <ClCompile Include="meta\gca.c">
      <Filter>meta\Source Files</Filter>
    </ClCompile>
    <ClCompile Include="meta\gcsw.c">
      <Filter>meta\Source Files</Filter>
    </ClCompile>
    <ClCompile Include="meta\gcub.c">
      <Filter>meta\Source Files</Filter>
    </ClCompile>
    <ClCompile Include="meta\genh.c">
      <Filter>meta\Source Files</Filter>
    </ClCompile>
    <ClCompile Include="meta\ghs.c">
      <Filter>meta\Source Files</Filter>
    </ClCompile>
    <ClCompile Include="meta\gin.c">
      <Filter>meta\Source Files</Filter>
    </ClCompile>
    <ClCompile Include="meta\gsnd.c">
      <Filter>meta\Source Files</Filter>
    </ClCompile>
    <ClCompile Include="meta\gwb_gwd.c">
      <Filter>meta\Source Files</Filter>
    </ClCompile>
    <ClCompile Include="meta\h4m.c">
      <Filter>meta\Source Files</Filter>
    </ClCompile>
    <ClCompile Include="meta\halpst.c">
      <Filter>meta\Source Files</Filter>
    </ClCompile>
    <ClCompile Include="meta\hca.c">
      <Filter>meta\Source Files</Filter>
    </ClCompile>
    <ClCompile Include="meta\hd3_bd3.c">
      <Filter>meta\Source Files</Filter>
    </ClCompile>
    <ClCompile Include="meta\hd_bd.c">
      <Filter>meta\Source Files</Filter>
    </ClCompile>
    <ClCompile Include="meta\hgc1.c">
      <Filter>meta\Source Files</Filter>
    </ClCompile>
    <ClCompile Include="meta\his.c">
      <Filter>meta\Source Files</Filter>
    </ClCompile>
    <ClCompile Include="meta\hsf.c">
      <Filter>meta\Source Files</Filter>
    </ClCompile>
    <ClCompile Include="meta\hxd.c">
      <Filter>meta\Source Files</Filter>
    </ClCompile>
    <ClCompile Include="meta\i3ds.c">
      <Filter>meta\Source Files</Filter>
    </ClCompile>
    <ClCompile Include="meta\iab.c">
      <Filter>meta\Source Files</Filter>
    </ClCompile>
    <ClCompile Include="meta\idsp_ie.c">
      <Filter>meta\Source Files</Filter>
    </ClCompile>
    <ClCompile Include="meta\idtech.c">
      <Filter>meta\Source Files</Filter>
    </ClCompile>
    <ClCompile Include="meta\idvi.c">
      <Filter>meta\Source Files</Filter>
    </ClCompile>
    <ClCompile Include="meta\ifs.c">
      <Filter>meta\Source Files</Filter>
    </ClCompile>
    <ClCompile Include="meta\iivb.c">
      <Filter>meta\Source Files</Filter>
    </ClCompile>
    <ClCompile Include="meta\ikm.c">
      <Filter>meta\Source Files</Filter>
    </ClCompile>
    <ClCompile Include="meta\ild.c">
      <Filter>meta\Source Files</Filter>
    </ClCompile>
    <ClCompile Include="meta\ima.c">
      <Filter>meta\Source Files</Filter>
    </ClCompile>
    <ClCompile Include="meta\imc.c">
      <Filter>meta\Source Files</Filter>
    </ClCompile>
    <ClCompile Include="meta\imuse.c">
      <Filter>meta\Source Files</Filter>
    </ClCompile>
    <ClCompile Include="meta\isb.c">
      <Filter>meta\Source Files</Filter>
    </ClCompile>
    <ClCompile Include="meta\ish_isd.c">
      <Filter>meta\Source Files</Filter>
    </ClCompile>
    <ClCompile Include="meta\ivag.c">
      <Filter>meta\Source Files</Filter>
    </ClCompile>
    <ClCompile Include="meta\ivb.c">
      <Filter>meta\Source Files</Filter>
    </ClCompile>
    <ClCompile Include="meta\jaudio.c">
      <Filter>meta\Source Files</Filter>
    </ClCompile>
    <ClCompile Include="meta\jstm.c">
      <Filter>meta\Source Files</Filter>
    </ClCompile>
    <ClCompile Include="meta\ka1a.c">
      <Filter>meta\Source Files</Filter>
    </ClCompile>
    <ClCompile Include="meta\kat.c">
      <Filter>meta\Source Files</Filter>
    </ClCompile>
    <ClCompile Include="meta\kcey.c">
      <Filter>meta\Source Files</Filter>
    </ClCompile>
    <ClCompile Include="meta\kma9.c">
      <Filter>meta\Source Files</Filter>
    </ClCompile>
    <ClCompile Include="meta\knon.c">
      <Filter>meta\Source Files</Filter>
    </ClCompile>
    <ClCompile Include="meta\kraw.c">
      <Filter>meta\Source Files</Filter>
    </ClCompile>
    <ClCompile Include="meta\ktac.c">
      <Filter>meta\Source Files</Filter>
    </ClCompile>
    <ClCompile Include="meta\ktsc.c">
      <Filter>meta\Source Files</Filter>
    </ClCompile>
    <ClCompile Include="meta\ktsr.c">
      <Filter>meta\Source Files</Filter>
    </ClCompile>
    <ClCompile Include="meta\ktss.c">
      <Filter>meta\Source Files</Filter>
    </ClCompile>
    <ClCompile Include="meta\kvag.c">
      <Filter>meta\Source Files</Filter>
    </ClCompile>
    <ClCompile Include="meta\kwb.c">
      <Filter>meta\Source Files</Filter>
    </ClCompile>
    <ClCompile Include="meta\lopu_fb.c">
      <Filter>meta\Source Files</Filter>
    </ClCompile>
    <ClCompile Include="meta\lpcm_fb.c">
      <Filter>meta\Source Files</Filter>
    </ClCompile>
    <ClCompile Include="meta\lpcm_shade.c">
      <Filter>meta\Source Files</Filter>
    </ClCompile>
    <ClCompile Include="meta\lps.c">
      <Filter>meta\Source Files</Filter>
    </ClCompile>
    <ClCompile Include="meta\lp_ap_lep.c">
      <Filter>meta\Source Files</Filter>
    </ClCompile>
    <ClCompile Include="meta\lrmd.c">
      <Filter>meta\Source Files</Filter>
    </ClCompile>
    <ClCompile Include="meta\lsf.c">
      <Filter>meta\Source Files</Filter>
    </ClCompile>
    <ClCompile Include="meta\madp.c">
      <Filter>meta\Source Files</Filter>
    </ClCompile>
    <ClCompile Include="meta\maxis_xa.c">
      <Filter>meta\Source Files</Filter>
    </ClCompile>
    <ClCompile Include="meta\mcg.c">
      <Filter>meta\Source Files</Filter>
    </ClCompile>
    <ClCompile Include="meta\mcss.c">
      <Filter>meta\Source Files</Filter>
    </ClCompile>
    <ClCompile Include="meta\mhwk.c">
      <Filter>meta\Source Files</Filter>
    </ClCompile>
    <ClCompile Include="meta\mib_mih.c">
      <Filter>meta\Source Files</Filter>
    </ClCompile>
    <ClCompile Include="meta\mic_koei.c">
      <Filter>meta\Source Files</Filter>
    </ClCompile>
    <ClCompile Include="meta\mio.c">
      <Filter>meta\Source Files</Filter>
    </ClCompile>
    <ClCompile Include="meta\mjh_mjb.c">
      <Filter>meta\Source Files</Filter>
    </ClCompile>
    <ClCompile Include="meta\mogg.c">
      <Filter>meta\Source Files</Filter>
    </ClCompile>
    <ClCompile Include="meta\mp4.c">
      <Filter>meta\Source Files</Filter>
    </ClCompile>
    <ClCompile Include="meta\mp4_faac.c">
      <Filter>meta\Source Files</Filter>
    </ClCompile>
    <ClCompile Include="meta\mpc3.c">
      <Filter>meta\Source Files</Filter>
    </ClCompile>
    <ClCompile Include="meta\mpds.c">
      <Filter>meta\Source Files</Filter>
    </ClCompile>
    <ClCompile Include="meta\mpeg.c">
      <Filter>meta\Source Files</Filter>
    </ClCompile>
    <ClCompile Include="meta\msa.c">
      <Filter>meta\Source Files</Filter>
    </ClCompile>
    <ClCompile Include="meta\msf.c">
      <Filter>meta\Source Files</Filter>
    </ClCompile>
    <ClCompile Include="meta\msf_banpresto.c">
      <Filter>meta\Source Files</Filter>
    </ClCompile>
    <ClCompile Include="meta\msf_konami.c">
      <Filter>meta\Source Files</Filter>
    </ClCompile>
    <ClCompile Include="meta\msf_tamasoft.c">
      <Filter>meta\Source Files</Filter>
    </ClCompile>
    <ClCompile Include="meta\msh_msb.c">
      <Filter>meta\Source Files</Filter>
    </ClCompile>
    <ClCompile Include="meta\msv.c">
      <Filter>meta\Source Files</Filter>
    </ClCompile>
    <ClCompile Include="meta\mta2.c">
      <Filter>meta\Source Files</Filter>
    </ClCompile>
    <ClCompile Include="meta\mtaf.c">
      <Filter>meta\Source Files</Filter>
    </ClCompile>
    <ClCompile Include="meta\mul.c">
      <Filter>meta\Source Files</Filter>
    </ClCompile>
    <ClCompile Include="meta\mups.c">
      <Filter>meta\Source Files</Filter>
    </ClCompile>
    <ClCompile Include="meta\musc.c">
      <Filter>meta\Source Files</Filter>
    </ClCompile>
    <ClCompile Include="meta\musx.c">
      <Filter>meta\Source Files</Filter>
    </ClCompile>
    <ClCompile Include="meta\mus_acm.c">
      <Filter>meta\Source Files</Filter>
    </ClCompile>
    <ClCompile Include="meta\mus_krome.c">
      <Filter>meta\Source Files</Filter>
    </ClCompile>
    <ClCompile Include="meta\mus_vc.c">
      <Filter>meta\Source Files</Filter>
    </ClCompile>
    <ClCompile Include="meta\myspd.c">
      <Filter>meta\Source Files</Filter>
    </ClCompile>
    <ClCompile Include="meta\naac.c">
      <Filter>meta\Source Files</Filter>
    </ClCompile>
    <ClCompile Include="meta\naomi_adpcm.c">
      <Filter>meta\Source Files</Filter>
    </ClCompile>
    <ClCompile Include="meta\nds_hwas.c">
      <Filter>meta\Source Files</Filter>
    </ClCompile>
    <ClCompile Include="meta\nds_rrds.c">
      <Filter>meta\Source Files</Filter>
    </ClCompile>
    <ClCompile Include="meta\nds_strm.c">
      <Filter>meta\Source Files</Filter>
    </ClCompile>
    <ClCompile Include="meta\ngc_adpdtk.c">
      <Filter>meta\Source Files</Filter>
    </ClCompile>
    <ClCompile Include="meta\ngc_dsp_asura.c">
      <Filter>meta\Source Files</Filter>
    </ClCompile>
    <ClCompile Include="meta\ngc_dsp_std.c">
      <Filter>meta\Source Files</Filter>
    </ClCompile>
    <ClCompile Include="meta\ngc_ssm.c">
      <Filter>meta\Source Files</Filter>
    </ClCompile>
    <ClCompile Include="meta\ngc_str_cauldron.c">
      <Filter>meta\Source Files</Filter>
    </ClCompile>
    <ClCompile Include="meta\npsf.c">
      <Filter>meta\Source Files</Filter>
    </ClCompile>
    <ClCompile Include="meta\nst_monster.c">
      <Filter>meta\Source Files</Filter>
    </ClCompile>
    <ClCompile Include="meta\nub.c">
      <Filter>meta\Source Files</Filter>
    </ClCompile>
    <ClCompile Include="meta\nus3audio.c">
      <Filter>meta\Source Files</Filter>
    </ClCompile>
    <ClCompile Include="meta\nus3bank.c">
      <Filter>meta\Source Files</Filter>
    </ClCompile>
    <ClCompile Include="meta\nwa.c">
      <Filter>meta\Source Files</Filter>
    </ClCompile>
    <ClCompile Include="meta\nwav.c">
      <Filter>meta\Source Files</Filter>
    </ClCompile>
    <ClCompile Include="meta\nxa1.c">
      <Filter>meta\Source Files</Filter>
    </ClCompile>
    <ClCompile Include="meta\nxap.c">
      <Filter>meta\Source Files</Filter>
    </ClCompile>
    <ClCompile Include="meta\nxof.c">
      <Filter>meta\Source Files</Filter>
    </ClCompile>
    <ClCompile Include="meta\ogg_opus.c">
      <Filter>meta\Source Files</Filter>
    </ClCompile>
    <ClCompile Include="meta\ogg_vorbis.c">
      <Filter>meta\Source Files</Filter>
    </ClCompile>
    <ClCompile Include="meta\ogl.c">
      <Filter>meta\Source Files</Filter>
    </ClCompile>
    <ClCompile Include="meta\ogv_3rdeye.c">
      <Filter>meta\Source Files</Filter>
    </ClCompile>
    <ClCompile Include="meta\omu.c">
      <Filter>meta\Source Files</Filter>
    </ClCompile>
    <ClCompile Include="meta\oor.c">
      <Filter>meta\Source Files</Filter>
    </ClCompile>
    <ClCompile Include="meta\opus.c">
      <Filter>meta\Source Files</Filter>
    </ClCompile>
    <ClCompile Include="meta\p2bt_move_visa.c">
      <Filter>meta\Source Files</Filter>
    </ClCompile>
    <ClCompile Include="meta\p3d.c">
      <Filter>meta\Source Files</Filter>
    </ClCompile>
    <ClCompile Include="meta\pasx.c">
      <Filter>meta\Source Files</Filter>
    </ClCompile>
    <ClCompile Include="meta\pcm_kceje.c">
      <Filter>meta\Source Files</Filter>
    </ClCompile>
    <ClCompile Include="meta\pcm_success.c">
      <Filter>meta\Source Files</Filter>
    </ClCompile>
    <ClCompile Include="meta\pc_mxst.c">
      <Filter>meta\Source Files</Filter>
    </ClCompile>
    <ClCompile Include="meta\pdt.c">
      <Filter>meta\Source Files</Filter>
    </ClCompile>
    <ClCompile Include="meta\piff_tpcm.c">
      <Filter>meta\Source Files</Filter>
    </ClCompile>
    <ClCompile Include="meta\pona.c">
      <Filter>meta\Source Files</Filter>
    </ClCompile>
    <ClCompile Include="meta\pos.c">
      <Filter>meta\Source Files</Filter>
    </ClCompile>
    <ClCompile Include="meta\pphd.c">
      <Filter>meta\Source Files</Filter>
    </ClCompile>
    <ClCompile Include="meta\ppst.c">
      <Filter>meta\Source Files</Filter>
    </ClCompile>
    <ClCompile Include="meta\ps2_adm.c">
      <Filter>meta\Source Files</Filter>
    </ClCompile>
    <ClCompile Include="meta\ps2_bmdx.c">
      <Filter>meta\Source Files</Filter>
    </ClCompile>
    <ClCompile Include="meta\ps2_joe.c">
      <Filter>meta\Source Files</Filter>
    </ClCompile>
    <ClCompile Include="meta\ps2_vbk.c">
      <Filter>meta\Source Files</Filter>
    </ClCompile>
    <ClCompile Include="meta\psb.c">
      <Filter>meta\Source Files</Filter>
    </ClCompile>
    <ClCompile Include="meta\psf.c">
      <Filter>meta\Source Files</Filter>
    </ClCompile>
    <ClCompile Include="meta\psnd.c">
      <Filter>meta\Source Files</Filter>
    </ClCompile>
    <ClCompile Include="meta\ps_headerless.c">
      <Filter>meta\Source Files</Filter>
    </ClCompile>
    <ClCompile Include="meta\pwb.c">
      <Filter>meta\Source Files</Filter>
    </ClCompile>
    <ClCompile Include="meta\rad.c">
      <Filter>meta\Source Files</Filter>
    </ClCompile>
    <ClCompile Include="meta\rage_aud.c">
      <Filter>meta\Source Files</Filter>
    </ClCompile>
    <ClCompile Include="meta\ras.c">
      <Filter>meta\Source Files</Filter>
    </ClCompile>
    <ClCompile Include="meta\raw_int.c">
      <Filter>meta\Source Files</Filter>
    </ClCompile>
    <ClCompile Include="meta\raw_pcm.c">
      <Filter>meta\Source Files</Filter>
    </ClCompile>
    <ClCompile Include="meta\raw_rsf.c">
      <Filter>meta\Source Files</Filter>
    </ClCompile>
    <ClCompile Include="meta\raw_s14_sss.c">
      <Filter>meta\Source Files</Filter>
    </ClCompile>
    <ClCompile Include="meta\raw_wavm.c">
      <Filter>meta\Source Files</Filter>
    </ClCompile>
    <ClCompile Include="meta\redspark.c">
      <Filter>meta\Source Files</Filter>
    </ClCompile>
    <ClCompile Include="meta\rfrm.c">
      <Filter>meta\Source Files</Filter>
    </ClCompile>
    <ClCompile Include="meta\riff.c">
      <Filter>meta\Source Files</Filter>
    </ClCompile>
    <ClCompile Include="meta\riff_ima.c">
      <Filter>meta\Source Files</Filter>
    </ClCompile>
    <ClCompile Include="meta\rkv.c">
      <Filter>meta\Source Files</Filter>
    </ClCompile>
    <ClCompile Include="meta\rs03.c">
      <Filter>meta\Source Files</Filter>
    </ClCompile>
    <ClCompile Include="meta\rsd.c">
      <Filter>meta\Source Files</Filter>
    </ClCompile>
    <ClCompile Include="meta\rstm_rockstar.c">
      <Filter>meta\Source Files</Filter>
    </ClCompile>
    <ClCompile Include="meta\rwar.c">
      <Filter>meta\Source Files</Filter>
    </ClCompile>
    <ClCompile Include="meta\rwax.c">
      <Filter>meta\Source Files</Filter>
    </ClCompile>
    <ClCompile Include="meta\rwsd.c">
      <Filter>meta\Source Files</Filter>
    </ClCompile>
    <ClCompile Include="meta\rws_809.c">
      <Filter>meta\Source Files</Filter>
    </ClCompile>
    <ClCompile Include="meta\rws_80d.c">
      <Filter>meta\Source Files</Filter>
    </ClCompile>
    <ClCompile Include="meta\rxws.c">
      <Filter>meta\Source Files</Filter>
    </ClCompile>
    <ClCompile Include="meta\s3v.c">
      <Filter>meta\Source Files</Filter>
    </ClCompile>
    <ClCompile Include="meta\sab.c">
      <Filter>meta\Source Files</Filter>
    </ClCompile>
    <ClCompile Include="meta\sadf.c">
      <Filter>meta\Source Files</Filter>
    </ClCompile>
    <ClCompile Include="meta\sadl.c">
      <Filter>meta\Source Files</Filter>
    </ClCompile>
    <ClCompile Include="meta\sat_sap.c">
      <Filter>meta\Source Files</Filter>
    </ClCompile>
    <ClCompile Include="meta\sbk.c">
      <Filter>meta\Source Files</Filter>
    </ClCompile>
    <ClCompile Include="meta\scd_pcm.c">
      <Filter>meta\Source Files</Filter>
    </ClCompile>
    <ClCompile Include="meta\sd9.c">
      <Filter>meta\Source Files</Filter>
    </ClCompile>
    <ClCompile Include="meta\sdd.c">
      <Filter>meta\Source Files</Filter>
    </ClCompile>
    <ClCompile Include="meta\sdf.c">
      <Filter>meta\Source Files</Filter>
    </ClCompile>
    <ClCompile Include="meta\sdrh.c">
      <Filter>meta\Source Files</Filter>
    </ClCompile>
    <ClCompile Include="meta\sdt.c">
      <Filter>meta\Source Files</Filter>
    </ClCompile>
    <ClCompile Include="meta\seb.c">
      <Filter>meta\Source Files</Filter>
    </ClCompile>
    <ClCompile Include="meta\seg.c">
      <Filter>meta\Source Files</Filter>
    </ClCompile>
    <ClCompile Include="meta\sfh.c">
      <Filter>meta\Source Files</Filter>
    </ClCompile>
    <ClCompile Include="meta\sfl.c">
      <Filter>meta\Source Files</Filter>
    </ClCompile>
    <ClCompile Include="meta\sfx0_monster.c">
      <Filter>meta\Source Files</Filter>
    </ClCompile>
    <ClCompile Include="meta\sfxb.c">
      <Filter>meta\Source Files</Filter>
    </ClCompile>
    <ClCompile Include="meta\sgxd.c">
      <Filter>meta\Source Files</Filter>
    </ClCompile>
    <ClCompile Include="meta\shaa.c">
      <Filter>meta\Source Files</Filter>
    </ClCompile>
    <ClCompile Include="meta\silence.c">
      <Filter>meta\Source Files</Filter>
    </ClCompile>
    <ClCompile Include="meta\skex.c">
      <Filter>meta\Source Files</Filter>
    </ClCompile>
    <ClCompile Include="meta\sk_aud.c">
      <Filter>meta\Source Files</Filter>
    </ClCompile>
    <ClCompile Include="meta\sl3.c">
      <Filter>meta\Source Files</Filter>
    </ClCompile>
    <ClCompile Include="meta\sli.c">
      <Filter>meta\Source Files</Filter>
    </ClCompile>
    <ClCompile Include="meta\smh_smc.c">
      <Filter>meta\Source Files</Filter>
    </ClCompile>
    <ClCompile Include="meta\smk.c">
      <Filter>meta\Source Files</Filter>
    </ClCompile>
    <ClCompile Include="meta\smp.c">
      <Filter>meta\Source Files</Filter>
    </ClCompile>
    <ClCompile Include="meta\smpl.c">
      <Filter>meta\Source Files</Filter>
    </ClCompile>
    <ClCompile Include="meta\smss.c">
      <Filter>meta\Source Files</Filter>
    </ClCompile>
    <ClCompile Include="meta\smv.c">
      <Filter>meta\Source Files</Filter>
    </ClCompile>
    <ClCompile Include="meta\sndp.c">
      <Filter>meta\Source Files</Filter>
    </ClCompile>
    <ClCompile Include="meta\snds.c">
      <Filter>meta\Source Files</Filter>
    </ClCompile>
    <ClCompile Include="meta\sndx.c">
      <Filter>meta\Source Files</Filter>
    </ClCompile>
    <ClCompile Include="meta\sndz.c">
      <Filter>meta\Source Files</Filter>
    </ClCompile>
    <ClCompile Include="meta\song_monster.c">
      <Filter>meta\Source Files</Filter>
    </ClCompile>
    <ClCompile Include="meta\spm.c">
      <Filter>meta\Source Files</Filter>
    </ClCompile>
    <ClCompile Include="meta\spsd.c">
      <Filter>meta\Source Files</Filter>
    </ClCompile>
    <ClCompile Include="meta\sps_n1.c">
      <Filter>meta\Source Files</Filter>
    </ClCompile>
    <ClCompile Include="meta\spt_spd.c">
      <Filter>meta\Source Files</Filter>
    </ClCompile>
    <ClCompile Include="meta\sqex_scd.c">
      <Filter>meta\Source Files</Filter>
    </ClCompile>
    <ClCompile Include="meta\sqex_sead.c">
      <Filter>meta\Source Files</Filter>
    </ClCompile>
    <ClCompile Include="meta\squeak.c">
      <Filter>meta\Source Files</Filter>
    </ClCompile>
    <ClCompile Include="meta\srcd.c">
      <Filter>meta\Source Files</Filter>
    </ClCompile>
    <ClCompile Include="meta\sre_pcm.c">
      <Filter>meta\Source Files</Filter>
    </ClCompile>
    <ClCompile Include="meta\sscf.c">
      <Filter>meta\Source Files</Filter>
    </ClCompile>
    <ClCompile Include="meta\sscf_encrypted.c">
      <Filter>meta\Source Files</Filter>
    </ClCompile>
    <ClCompile Include="meta\ssnd.c">
      <Filter>meta\Source Files</Filter>
    </ClCompile>
    <ClCompile Include="meta\ssp.c">
      <Filter>meta\Source Files</Filter>
    </ClCompile>
    <ClCompile Include="meta\sspf.c">
      <Filter>meta\Source Files</Filter>
    </ClCompile>
    <ClCompile Include="meta\sspr.c">
      <Filter>meta\Source Files</Filter>
    </ClCompile>
    <ClCompile Include="meta\ster.c">
      <Filter>meta\Source Files</Filter>
    </ClCompile>
    <ClCompile Include="meta\sthd.c">
      <Filter>meta\Source Files</Filter>
    </ClCompile>
    <ClCompile Include="meta\stma.c">
      <Filter>meta\Source Files</Filter>
    </ClCompile>
    <ClCompile Include="meta\strm_abylight.c">
      <Filter>meta\Source Files</Filter>
    </ClCompile>
    <ClCompile Include="meta\str_sega.c">
      <Filter>meta\Source Files</Filter>
    </ClCompile>
    <ClCompile Include="meta\str_snds.c">
      <Filter>meta\Source Files</Filter>
    </ClCompile>
    <ClCompile Include="meta\str_sqex.c">
      <Filter>meta\Source Files</Filter>
    </ClCompile>
    <ClCompile Include="meta\str_wav.c">
      <Filter>meta\Source Files</Filter>
    </ClCompile>
    <ClCompile Include="meta\sts.c">
      <Filter>meta\Source Files</Filter>
    </ClCompile>
    <ClCompile Include="meta\svag_kcet.c">
      <Filter>meta\Source Files</Filter>
    </ClCompile>
    <ClCompile Include="meta\svag_snk.c">
      <Filter>meta\Source Files</Filter>
    </ClCompile>
    <ClCompile Include="meta\svgp.c">
      <Filter>meta\Source Files</Filter>
    </ClCompile>
    <ClCompile Include="meta\svs.c">
      <Filter>meta\Source Files</Filter>
    </ClCompile>
    <ClCompile Include="meta\swar.c">
      <Filter>meta\Source Files</Filter>
    </ClCompile>
    <ClCompile Include="meta\swav.c">
      <Filter>meta\Source Files</Filter>
    </ClCompile>
    <ClCompile Include="meta\tac.c">
      <Filter>meta\Source Files</Filter>
    </ClCompile>
    <ClCompile Include="meta\tgc.c">
      <Filter>meta\Source Files</Filter>
    </ClCompile>
    <ClCompile Include="meta\thp.c">
      <Filter>meta\Source Files</Filter>
    </ClCompile>
    <ClCompile Include="meta\tt_ad.c">
      <Filter>meta\Source Files</Filter>
    </ClCompile>
    <ClCompile Include="meta\txth.c">
      <Filter>meta\Source Files</Filter>
    </ClCompile>
    <ClCompile Include="meta\txtp.c">
      <Filter>meta\Source Files</Filter>
    </ClCompile>
    <ClCompile Include="meta\txtp_parser.c">
      <Filter>meta\Source Files</Filter>
    </ClCompile>
    <ClCompile Include="meta\txtp_process.c">
      <Filter>meta\Source Files</Filter>
    </ClCompile>
    <ClCompile Include="meta\ubi_apm.c">
      <Filter>meta\Source Files</Filter>
    </ClCompile>
    <ClCompile Include="meta\ubi_bao.c">
      <Filter>meta\Source Files</Filter>
    </ClCompile>
    <ClCompile Include="meta\ubi_bao_config.c">
      <Filter>meta\Source Files</Filter>
    </ClCompile>
    <ClCompile Include="meta\ubi_bao_parser.c">
      <Filter>meta\Source Files</Filter>
    </ClCompile>
    <ClCompile Include="meta\ubi_ckd.c">
      <Filter>meta\Source Files</Filter>
    </ClCompile>
    <ClCompile Include="meta\ubi_ckd_cwav.c">
      <Filter>meta\Source Files</Filter>
    </ClCompile>
    <ClCompile Include="meta\ubi_hx.c">
      <Filter>meta\Source Files</Filter>
    </ClCompile>
    <ClCompile Include="meta\ubi_jade.c">
      <Filter>meta\Source Files</Filter>
    </ClCompile>
    <ClCompile Include="meta\ubi_lyn.c">
      <Filter>meta\Source Files</Filter>
    </ClCompile>
    <ClCompile Include="meta\ubi_raki.c">
      <Filter>meta\Source Files</Filter>
    </ClCompile>
    <ClCompile Include="meta\ubi_sb.c">
      <Filter>meta\Source Files</Filter>
    </ClCompile>
    <ClCompile Include="meta\ue4opus.c">
      <Filter>meta\Source Files</Filter>
    </ClCompile>
    <ClCompile Include="meta\ueba.c">
      <Filter>meta\Source Files</Filter>
    </ClCompile>
    <ClCompile Include="meta\undefind.c">
      <Filter>meta\Source Files</Filter>
    </ClCompile>
    <ClCompile Include="meta\utk.c">
      <Filter>meta\Source Files</Filter>
    </ClCompile>
    <ClCompile Include="meta\va3.c">
      <Filter>meta\Source Files</Filter>
    </ClCompile>
    <ClCompile Include="meta\vab.c">
      <Filter>meta\Source Files</Filter>
    </ClCompile>
    <ClCompile Include="meta\vag.c">
      <Filter>meta\Source Files</Filter>
    </ClCompile>
    <ClCompile Include="meta\vai.c">
      <Filter>meta\Source Files</Filter>
    </ClCompile>
    <ClCompile Include="meta\vas_kceo.c">
      <Filter>meta\Source Files</Filter>
    </ClCompile>
    <ClCompile Include="meta\vas_rockstar.c">
      <Filter>meta\Source Files</Filter>
    </ClCompile>
    <ClCompile Include="meta\vds_vdm.c">
      <Filter>meta\Source Files</Filter>
    </ClCompile>
    <ClCompile Include="meta\vgs.c">
      <Filter>meta\Source Files</Filter>
    </ClCompile>
    <ClCompile Include="meta\vgs_ps.c">
      <Filter>meta\Source Files</Filter>
    </ClCompile>
    <ClCompile Include="meta\vgv.c">
      <Filter>meta\Source Files</Filter>
    </ClCompile>
    <ClCompile Include="meta\vid1.c">
      <Filter>meta\Source Files</Filter>
    </ClCompile>
    <ClCompile Include="meta\vig_kces.c">
      <Filter>meta\Source Files</Filter>
    </ClCompile>
    <ClCompile Include="meta\vms.c">
      <Filter>meta\Source Files</Filter>
    </ClCompile>
    <ClCompile Include="meta\voi.c">
      <Filter>meta\Source Files</Filter>
    </ClCompile>
    <ClCompile Include="meta\vpk.c">
      <Filter>meta\Source Files</Filter>
    </ClCompile>
    <ClCompile Include="meta\vs.c">
      <Filter>meta\Source Files</Filter>
    </ClCompile>
    <ClCompile Include="meta\vsf.c">
      <Filter>meta\Source Files</Filter>
    </ClCompile>
    <ClCompile Include="meta\vsv.c">
      <Filter>meta\Source Files</Filter>
    </ClCompile>
    <ClCompile Include="meta\vs_square.c">
      <Filter>meta\Source Files</Filter>
    </ClCompile>
    <ClCompile Include="meta\vs_str.c">
      <Filter>meta\Source Files</Filter>
    </ClCompile>
    <ClCompile Include="meta\vxn.c">
      <Filter>meta\Source Files</Filter>
    </ClCompile>
    <ClCompile Include="meta\wady.c">
      <Filter>meta\Source Files</Filter>
    </ClCompile>
    <ClCompile Include="meta\waf.c">
      <Filter>meta\Source Files</Filter>
    </ClCompile>
    <ClCompile Include="meta\wav2.c">
      <Filter>meta\Source Files</Filter>
    </ClCompile>
    <ClCompile Include="meta\wave.c">
      <Filter>meta\Source Files</Filter>
    </ClCompile>
    <ClCompile Include="meta\wavebatch.c">
      <Filter>meta\Source Files</Filter>
    </ClCompile>
    <ClCompile Include="meta\wave_segmented.c">
      <Filter>meta\Source Files</Filter>
    </ClCompile>
    <ClCompile Include="meta\wb.c">
      <Filter>meta\Source Files</Filter>
    </ClCompile>
    <ClCompile Include="meta\wbk.c">
      <Filter>meta\Source Files</Filter>
    </ClCompile>
    <ClCompile Include="meta\wd.c">
      <Filter>meta\Source Files</Filter>
    </ClCompile>
    <ClCompile Include="meta\wpd.c">
      <Filter>meta\Source Files</Filter>
    </ClCompile>
    <ClCompile Include="meta\wsi.c">
      <Filter>meta\Source Files</Filter>
    </ClCompile>
    <ClCompile Include="meta\ws_aud.c">
      <Filter>meta\Source Files</Filter>
    </ClCompile>
    <ClCompile Include="meta\wv6.c">
      <Filter>meta\Source Files</Filter>
    </ClCompile>
    <ClCompile Include="meta\wvs.c">
      <Filter>meta\Source Files</Filter>
    </ClCompile>
    <ClCompile Include="meta\wwise.c">
      <Filter>meta\Source Files</Filter>
    </ClCompile>
    <ClCompile Include="meta\wxh_wxd.c">
      <Filter>meta\Source Files</Filter>
    </ClCompile>
    <ClCompile Include="meta\xa.c">
      <Filter>meta\Source Files</Filter>
    </ClCompile>
    <ClCompile Include="meta\xa2_acclaim.c">
      <Filter>meta\Source Files</Filter>
    </ClCompile>
    <ClCompile Include="meta\xabp.c">
      <Filter>meta\Source Files</Filter>
    </ClCompile>
    <ClCompile Include="meta\xau.c">
      <Filter>meta\Source Files</Filter>
    </ClCompile>
    <ClCompile Include="meta\xavs.c">
      <Filter>meta\Source Files</Filter>
    </ClCompile>
    <ClCompile Include="meta\xa_04sw.c">
      <Filter>meta\Source Files</Filter>
    </ClCompile>
    <ClCompile Include="meta\xa_xa30.c">
      <Filter>meta\Source Files</Filter>
    </ClCompile>
    <ClCompile Include="meta\xma.c">
      <Filter>meta\Source Files</Filter>
    </ClCompile>
    <ClCompile Include="meta\xma_ue3.c">
      <Filter>meta\Source Files</Filter>
    </ClCompile>
    <ClCompile Include="meta\xmd.c">
      <Filter>meta\Source Files</Filter>
    </ClCompile>
    <ClCompile Include="meta\xmu.c">
      <Filter>meta\Source Files</Filter>
    </ClCompile>
    <ClCompile Include="meta\xnb.c">
      <Filter>meta\Source Files</Filter>
    </ClCompile>
    <ClCompile Include="meta\xopus.c">
      <Filter>meta\Source Files</Filter>
    </ClCompile>
    <ClCompile Include="meta\xpcm.c">
      <Filter>meta\Source Files</Filter>
    </ClCompile>
    <ClCompile Include="meta\xps.c">
      <Filter>meta\Source Files</Filter>
    </ClCompile>
    <ClCompile Include="meta\xsh_xsd_xss.c">
      <Filter>meta\Source Files</Filter>
    </ClCompile>
    <ClCompile Include="meta\xss.c">
      <Filter>meta\Source Files</Filter>
    </ClCompile>
    <ClCompile Include="meta\xssb.c">
      <Filter>meta\Source Files</Filter>
    </ClCompile>
    <ClCompile Include="meta\xvag.c">
      <Filter>meta\Source Files</Filter>
    </ClCompile>
    <ClCompile Include="meta\xwav.c">
      <Filter>meta\Source Files</Filter>
    </ClCompile>
    <ClCompile Include="meta\xwb.c">
      <Filter>meta\Source Files</Filter>
    </ClCompile>
    <ClCompile Include="meta\xwb_konami.c">
      <Filter>meta\Source Files</Filter>
    </ClCompile>
    <ClCompile Include="meta\xwc.c">
      <Filter>meta\Source Files</Filter>
    </ClCompile>
    <ClCompile Include="meta\xwma.c">
      <Filter>meta\Source Files</Filter>
    </ClCompile>
    <ClCompile Include="meta\xwma_konami.c">
      <Filter>meta\Source Files</Filter>
    </ClCompile>
    <ClCompile Include="meta\xwv_valve.c">
      <Filter>meta\Source Files</Filter>
    </ClCompile>
    <ClCompile Include="meta\ydsp.c">
      <Filter>meta\Source Files</Filter>
    </ClCompile>
    <ClCompile Include="meta\ymf.c">
      <Filter>meta\Source Files</Filter>
    </ClCompile>
    <ClCompile Include="meta\zsd.c">
      <Filter>meta\Source Files</Filter>
    </ClCompile>
    <ClCompile Include="meta\zsnd.c">
      <Filter>meta\Source Files</Filter>
    </ClCompile>
    <ClCompile Include="meta\zwv.c">
      <Filter>meta\Source Files</Filter>
    </ClCompile>
    <ClCompile Include="util\chunks.c">
      <Filter>util\Source Files</Filter>
    </ClCompile>
    <ClCompile Include="util\cipher_blowfish.c">
      <Filter>util\Source Files</Filter>
    </ClCompile>
    <ClCompile Include="util\cipher_xxtea.c">
      <Filter>util\Source Files</Filter>
    </ClCompile>
    <ClCompile Include="util\companion_files.c">
      <Filter>util\Source Files</Filter>
    </ClCompile>
    <ClCompile Include="util\cri_keys.c">
      <Filter>util\Source Files</Filter>
    </ClCompile>
    <ClCompile Include="util\cri_utf.c">
      <Filter>util\Source Files</Filter>
    </ClCompile>
    <ClCompile Include="util\io_callback_sf.c">
      <Filter>util\Source Files</Filter>
    </ClCompile>
    <ClCompile Include="util\layout_utils.c">
      <Filter>util\Source Files</Filter>
    </ClCompile>
    <ClCompile Include="util\log.c">
      <Filter>util\Source Files</Filter>
    </ClCompile>
    <ClCompile Include="util\m2_psb.c">
      <Filter>util\Source Files</Filter>
    </ClCompile>
    <ClCompile Include="util\meta_utils.c">
      <Filter>util\Source Files</Filter>
    </ClCompile>
    <ClCompile Include="util\miniz.c">
      <Filter>util\Source Files</Filter>
    </ClCompile>
    <ClCompile Include="util\paths.c">
      <Filter>util\Source Files</Filter>
    </ClCompile>
    <ClCompile Include="util\reader.c">
      <Filter>util\Source Files</Filter>
    </ClCompile>
    <ClCompile Include="util\reader_put.c">
      <Filter>util\Source Files</Filter>
    </ClCompile>
    <ClCompile Include="util\sf_utils.c">
      <Filter>util\Source Files</Filter>
    </ClCompile>
    <ClCompile Include="util\spu_utils.c">
      <Filter>util\Source Files</Filter>
    </ClCompile>
    <ClCompile Include="util\text_reader.c">
      <Filter>util\Source Files</Filter>
    </ClCompile>
    <ClCompile Include="util\vorbis_codebooks.c">
      <Filter>util\Source Files</Filter>
    </ClCompile>
  </ItemGroup>
</Project>